
Microsoft Visual Studio Solution File, Format Version 11.00
# Visual Studio 2010
Project("{FAE04EC0-301F-11D3-BF4B-00C04F79EFBC}") = "IOSLabels", "IOSLabels.csproj", "{292C28DD-1879-4C53-9D7B-D0B3E63C4638}"
EndProject
Global
	GlobalSection(SolutionConfigurationPlatforms) = preSolution
		Debug|iPhoneSimulator = Debug|iPhoneSimulator
		Release|iPhoneSimulator = Release|iPhoneSimulator
		Debug|iPhone = Debug|iPhone
		Release|iPhone = Release|iPhone
	EndGlobalSection
	GlobalSection(ProjectConfigurationPlatforms) = postSolution
		{292C28DD-1879-4C53-9D7B-D0B3E63C4638}.Debug|iPhone.ActiveCfg = Debug|iPhone
		{292C28DD-1879-4C53-9D7B-D0B3E63C4638}.Debug|iPhone.Build.0 = Debug|iPhone
		{292C28DD-1879-4C53-9D7B-D0B3E63C4638}.Debug|iPhoneSimulator.ActiveCfg = Debug|iPhoneSimulator
		{292C28DD-1879-4C53-9D7B-D0B3E63C4638}.Debug|iPhoneSimulator.Build.0 = Debug|iPhoneSimulator
		{292C28DD-1879-4C53-9D7B-D0B3E63C4638}.Release|iPhone.ActiveCfg = Release|iPhone
		{292C28DD-1879-4C53-9D7B-D0B3E63C4638}.Release|iPhone.Build.0 = Release|iPhone
		{292C28DD-1879-4C53-9D7B-D0B3E63C4638}.Release|iPhoneSimulator.ActiveCfg = Release|iPhoneSimulator
		{292C28DD-1879-4C53-9D7B-D0B3E63C4638}.Release|iPhoneSimulator.Build.0 = Release|iPhoneSimulator
	EndGlobalSection
	GlobalSection(MonoDevelopProperties) = preSolution
		StartupItem = IOSLabels.csproj
	EndGlobalSection
EndGlobal
