
Microsoft Visual Studio Solution File, Format Version 11.00
# Visual Studio 2010
Project("{FAE04EC0-301F-11D3-BF4B-00C04F79EFBC}") = "AndroidAnimatedImages", "AndroidAnimatedImages\AndroidAnimatedImages.csproj", "{7C9382B7-0383-4D71-A9F8-001CDBA3BD9E}"
EndProject
Project("{FAE04EC0-301F-11D3-BF4B-00C04F79EFBC}") = "WP7AnimatedImages", "WP7AnimatedImages\WP7AnimatedImages\WP7AnimatedImages.csproj", "{F6CA66D6-34A1-4303-9344-0D26E754051C}"
EndProject
Project("{96E2B04D-8817-42C6-938A-82C39BA4D311}") = "WP7AnimatedImagesContent", "WP7AnimatedImages\WP7AnimatedImagesContent\WP7AnimatedImagesContent.contentproj", "{33E6F28D-345C-4D29-88E5-0AC944744D80}"
EndProject
Global
	GlobalSection(SolutionConfigurationPlatforms) = preSolution
		Debug|Any CPU = Debug|Any CPU
		Debug|Mixed Platforms = Debug|Mixed Platforms
		Debug|Windows Phone = Debug|Windows Phone
		Release|Any CPU = Release|Any CPU
		Release|Mixed Platforms = Release|Mixed Platforms
		Release|Windows Phone = Release|Windows Phone
	EndGlobalSection
	GlobalSection(ProjectConfigurationPlatforms) = postSolution
		{7C9382B7-0383-4D71-A9F8-001CDBA3BD9E}.Debug|Any CPU.ActiveCfg = Debug|Any CPU
		{7C9382B7-0383-4D71-A9F8-001CDBA3BD9E}.Debug|Any CPU.Build.0 = Debug|Any CPU
		{7C9382B7-0383-4D71-A9F8-001CDBA3BD9E}.Debug|Mixed Platforms.ActiveCfg = Debug|Any CPU
		{7C9382B7-0383-4D71-A9F8-001CDBA3BD9E}.Debug|Mixed Platforms.Build.0 = Debug|Any CPU
		{7C9382B7-0383-4D71-A9F8-001CDBA3BD9E}.Debug|Windows Phone.ActiveCfg = Debug|Any CPU
		{7C9382B7-0383-4D71-A9F8-001CDBA3BD9E}.Release|Any CPU.ActiveCfg = Release|Any CPU
		{7C9382B7-0383-4D71-A9F8-001CDBA3BD9E}.Release|Any CPU.Build.0 = Release|Any CPU
		{7C9382B7-0383-4D71-A9F8-001CDBA3BD9E}.Release|Mixed Platforms.ActiveCfg = Release|Any CPU
		{7C9382B7-0383-4D71-A9F8-001CDBA3BD9E}.Release|Mixed Platforms.Build.0 = Release|Any CPU
		{7C9382B7-0383-4D71-A9F8-001CDBA3BD9E}.Release|Windows Phone.ActiveCfg = Release|Any CPU
		{F6CA66D6-34A1-4303-9344-0D26E754051C}.Debug|Any CPU.ActiveCfg = Debug|Windows Phone
		{F6CA66D6-34A1-4303-9344-0D26E754051C}.Debug|Mixed Platforms.ActiveCfg = Debug|Windows Phone
		{F6CA66D6-34A1-4303-9344-0D26E754051C}.Debug|Mixed Platforms.Build.0 = Debug|Windows Phone
		{F6CA66D6-34A1-4303-9344-0D26E754051C}.Debug|Mixed Platforms.Deploy.0 = Debug|Windows Phone
		{F6CA66D6-34A1-4303-9344-0D26E754051C}.Debug|Windows Phone.ActiveCfg = Debug|Windows Phone
		{F6CA66D6-34A1-4303-9344-0D26E754051C}.Debug|Windows Phone.Build.0 = Debug|Windows Phone
		{F6CA66D6-34A1-4303-9344-0D26E754051C}.Debug|Windows Phone.Deploy.0 = Debug|Windows Phone
		{F6CA66D6-34A1-4303-9344-0D26E754051C}.Release|Any CPU.ActiveCfg = Release|Windows Phone
		{F6CA66D6-34A1-4303-9344-0D26E754051C}.Release|Mixed Platforms.ActiveCfg = Release|Windows Phone
		{F6CA66D6-34A1-4303-9344-0D26E754051C}.Release|Mixed Platforms.Build.0 = Release|Windows Phone
		{F6CA66D6-34A1-4303-9344-0D26E754051C}.Release|Mixed Platforms.Deploy.0 = Release|Windows Phone
		{F6CA66D6-34A1-4303-9344-0D26E754051C}.Release|Windows Phone.ActiveCfg = Release|Windows Phone
		{F6CA66D6-34A1-4303-9344-0D26E754051C}.Release|Windows Phone.Build.0 = Release|Windows Phone
		{F6CA66D6-34A1-4303-9344-0D26E754051C}.Release|Windows Phone.Deploy.0 = Release|Windows Phone
		{33E6F28D-345C-4D29-88E5-0AC944744D80}.Debug|Any CPU.ActiveCfg = Debug|Windows Phone
		{33E6F28D-345C-4D29-88E5-0AC944744D80}.Debug|Mixed Platforms.ActiveCfg = Debug|Windows Phone
		{33E6F28D-345C-4D29-88E5-0AC944744D80}.Debug|Windows Phone.ActiveCfg = Debug|Windows Phone
		{33E6F28D-345C-4D29-88E5-0AC944744D80}.Release|Any CPU.ActiveCfg = Release|Windows Phone
		{33E6F28D-345C-4D29-88E5-0AC944744D80}.Release|Mixed Platforms.ActiveCfg = Release|Windows Phone
		{33E6F28D-345C-4D29-88E5-0AC944744D80}.Release|Windows Phone.ActiveCfg = Release|Windows Phone
	EndGlobalSection
	GlobalSection(SolutionProperties) = preSolution
		HideSolutionNode = FALSE
	EndGlobalSection
EndGlobal
