
Microsoft Visual Studio Solution File, Format Version 11.00
# Visual Studio 2010
Project("{FAE04EC0-301F-11D3-BF4B-00C04F79EFBC}") = "WP7Sounds", "WP7Sounds\WP7Sounds.csproj", "{459A2674-B9EB-4D1D-9306-95546640605A}"
EndProject
Project("{FAE04EC0-301F-11D3-BF4B-00C04F79EFBC}") = "WP7SoundsContent", "WP7SoundsContent\WP7SoundsContent.contentproj", "{36809484-7EFB-4CCB-AF04-6340728C1906}"
EndProject
Global
	GlobalSection(SolutionConfigurationPlatforms) = preSolution
		Debug|Windows Phone = Debug|Windows Phone
		Release|Windows Phone = Release|Windows Phone
	EndGlobalSection
	GlobalSection(ProjectConfigurationPlatforms) = postSolution
		{459A2674-B9EB-4D1D-9306-95546640605A}.Debug|Windows Phone.ActiveCfg = Debug|Windows Phone
		{459A2674-B9EB-4D1D-9306-95546640605A}.Debug|Windows Phone.Build.0 = Debug|Windows Phone
		{459A2674-B9EB-4D1D-9306-95546640605A}.Debug|Windows Phone.Deploy.0 = Debug|Windows Phone
		{459A2674-B9EB-4D1D-9306-95546640605A}.Release|Windows Phone.ActiveCfg = Release|Windows Phone
		{459A2674-B9EB-4D1D-9306-95546640605A}.Release|Windows Phone.Build.0 = Release|Windows Phone
		{459A2674-B9EB-4D1D-9306-95546640605A}.Release|Windows Phone.Deploy.0 = Release|Windows Phone
		{36809484-7EFB-4CCB-AF04-6340728C1906}.Debug|Windows Phone.ActiveCfg = Debug|Windows Phone
		{36809484-7EFB-4CCB-AF04-6340728C1906}.Release|Windows Phone.ActiveCfg = Release|Windows Phone
	EndGlobalSection
	GlobalSection(SolutionProperties) = preSolution
		HideSolutionNode = FALSE
	EndGlobalSection
EndGlobal
