
Microsoft Visual Studio Solution File, Format Version 11.00
# Visual Studio 2010
Project("{FAE04EC0-301F-11D3-BF4B-00C04F79EFBC}") = "IOSSpriteSheet", "IOSSpriteSheet\IOSSpriteSheet.csproj", "{6C70304F-0246-486E-8960-F13EFBBB754E}"
EndProject
Global
	GlobalSection(SolutionConfigurationPlatforms) = preSolution
		Debug|iPhoneSimulator = Debug|iPhoneSimulator
		Release|iPhoneSimulator = Release|iPhoneSimulator
		Debug|iPhone = Debug|iPhone
		Release|iPhone = Release|iPhone
	EndGlobalSection
	GlobalSection(ProjectConfigurationPlatforms) = postSolution
		{6C70304F-0246-486E-8960-F13EFBBB754E}.Debug|iPhone.ActiveCfg = Debug|iPhone
		{6C70304F-0246-486E-8960-F13EFBBB754E}.Debug|iPhone.Build.0 = Debug|iPhone
		{6C70304F-0246-486E-8960-F13EFBBB754E}.Debug|iPhoneSimulator.ActiveCfg = Debug|iPhoneSimulator
		{6C70304F-0246-486E-8960-F13EFBBB754E}.Debug|iPhoneSimulator.Build.0 = Debug|iPhoneSimulator
		{6C70304F-0246-486E-8960-F13EFBBB754E}.Release|iPhone.ActiveCfg = Release|iPhone
		{6C70304F-0246-486E-8960-F13EFBBB754E}.Release|iPhone.Build.0 = Release|iPhone
		{6C70304F-0246-486E-8960-F13EFBBB754E}.Release|iPhoneSimulator.ActiveCfg = Release|iPhoneSimulator
		{6C70304F-0246-486E-8960-F13EFBBB754E}.Release|iPhoneSimulator.Build.0 = Release|iPhoneSimulator
	EndGlobalSection
	GlobalSection(MonoDevelopProperties) = preSolution
		StartupItem = IOSSpriteSheet\IOSSpriteSheet.csproj
	EndGlobalSection
EndGlobal
