
Microsoft Visual Studio Solution File, Format Version 11.00
# Visual Studio 2010
Project("{FAE04EC0-301F-11D3-BF4B-00C04F79EFBC}") = "IOSBorderLayout", "..\IOSBorderLayout\IOSBorderLayout.csproj", "{635485C2-080B-40E7-854E-5FD00EEECE51}"
EndProject
Project("{FAE04EC0-301F-11D3-BF4B-00C04F79EFBC}") = "IOSCoordLayout", "..\IOSCoordLayout\IOSCoordLayout.csproj", "{9FAA07A4-2AF7-4018-8AD4-13945BACA03C}"
EndProject
Project("{FAE04EC0-301F-11D3-BF4B-00C04F79EFBC}") = "IOSFlowLayout", "..\IOSFlowLayout\IOSFlowLayout.csproj", "{731EE844-6967-418E-A357-2C9BCE8A619F}"
EndProject
Project("{FAE04EC0-301F-11D3-BF4B-00C04F79EFBC}") = "IOSGridLayout", "..\IOSGridLayout\IOSGridLayout.csproj", "{9AD6AF1F-7E28-4EC6-AC3D-68DAB4D9E810}"
EndProject
Global
	GlobalSection(SolutionConfigurationPlatforms) = preSolution
		Debug|iPhoneSimulator = Debug|iPhoneSimulator
		Release|iPhoneSimulator = Release|iPhoneSimulator
		Debug|iPhone = Debug|iPhone
		Release|iPhone = Release|iPhone
	EndGlobalSection
	GlobalSection(ProjectConfigurationPlatforms) = postSolution
		{635485C2-080B-40E7-854E-5FD00EEECE51}.Debug|iPhone.ActiveCfg = Debug|iPhone
		{635485C2-080B-40E7-854E-5FD00EEECE51}.Debug|iPhone.Build.0 = Debug|iPhone
		{635485C2-080B-40E7-854E-5FD00EEECE51}.Debug|iPhoneSimulator.ActiveCfg = Debug|iPhoneSimulator
		{635485C2-080B-40E7-854E-5FD00EEECE51}.Debug|iPhoneSimulator.Build.0 = Debug|iPhoneSimulator
		{635485C2-080B-40E7-854E-5FD00EEECE51}.Release|iPhone.ActiveCfg = Release|iPhone
		{635485C2-080B-40E7-854E-5FD00EEECE51}.Release|iPhone.Build.0 = Release|iPhone
		{635485C2-080B-40E7-854E-5FD00EEECE51}.Release|iPhoneSimulator.ActiveCfg = Release|iPhoneSimulator
		{635485C2-080B-40E7-854E-5FD00EEECE51}.Release|iPhoneSimulator.Build.0 = Release|iPhoneSimulator
		{731EE844-6967-418E-A357-2C9BCE8A619F}.Debug|iPhone.ActiveCfg = Debug|iPhone
		{731EE844-6967-418E-A357-2C9BCE8A619F}.Debug|iPhone.Build.0 = Debug|iPhone
		{731EE844-6967-418E-A357-2C9BCE8A619F}.Debug|iPhoneSimulator.ActiveCfg = Debug|iPhoneSimulator
		{731EE844-6967-418E-A357-2C9BCE8A619F}.Debug|iPhoneSimulator.Build.0 = Debug|iPhoneSimulator
		{731EE844-6967-418E-A357-2C9BCE8A619F}.Release|iPhone.ActiveCfg = Release|iPhone
		{731EE844-6967-418E-A357-2C9BCE8A619F}.Release|iPhone.Build.0 = Release|iPhone
		{731EE844-6967-418E-A357-2C9BCE8A619F}.Release|iPhoneSimulator.ActiveCfg = Release|iPhoneSimulator
		{731EE844-6967-418E-A357-2C9BCE8A619F}.Release|iPhoneSimulator.Build.0 = Release|iPhoneSimulator
		{9AD6AF1F-7E28-4EC6-AC3D-68DAB4D9E810}.Debug|iPhone.ActiveCfg = Debug|iPhone
		{9AD6AF1F-7E28-4EC6-AC3D-68DAB4D9E810}.Debug|iPhone.Build.0 = Debug|iPhone
		{9AD6AF1F-7E28-4EC6-AC3D-68DAB4D9E810}.Debug|iPhoneSimulator.ActiveCfg = Debug|iPhoneSimulator
		{9AD6AF1F-7E28-4EC6-AC3D-68DAB4D9E810}.Debug|iPhoneSimulator.Build.0 = Debug|iPhoneSimulator
		{9AD6AF1F-7E28-4EC6-AC3D-68DAB4D9E810}.Release|iPhone.ActiveCfg = Release|iPhone
		{9AD6AF1F-7E28-4EC6-AC3D-68DAB4D9E810}.Release|iPhone.Build.0 = Release|iPhone
		{9AD6AF1F-7E28-4EC6-AC3D-68DAB4D9E810}.Release|iPhoneSimulator.ActiveCfg = Release|iPhoneSimulator
		{9AD6AF1F-7E28-4EC6-AC3D-68DAB4D9E810}.Release|iPhoneSimulator.Build.0 = Release|iPhoneSimulator
		{9FAA07A4-2AF7-4018-8AD4-13945BACA03C}.Debug|iPhone.ActiveCfg = Debug|iPhone
		{9FAA07A4-2AF7-4018-8AD4-13945BACA03C}.Debug|iPhone.Build.0 = Debug|iPhone
		{9FAA07A4-2AF7-4018-8AD4-13945BACA03C}.Debug|iPhoneSimulator.ActiveCfg = Debug|iPhoneSimulator
		{9FAA07A4-2AF7-4018-8AD4-13945BACA03C}.Debug|iPhoneSimulator.Build.0 = Debug|iPhoneSimulator
		{9FAA07A4-2AF7-4018-8AD4-13945BACA03C}.Release|iPhone.ActiveCfg = Release|iPhone
		{9FAA07A4-2AF7-4018-8AD4-13945BACA03C}.Release|iPhone.Build.0 = Release|iPhone
		{9FAA07A4-2AF7-4018-8AD4-13945BACA03C}.Release|iPhoneSimulator.ActiveCfg = Release|iPhoneSimulator
		{9FAA07A4-2AF7-4018-8AD4-13945BACA03C}.Release|iPhoneSimulator.Build.0 = Release|iPhoneSimulator
	EndGlobalSection
	GlobalSection(MonoDevelopProperties) = preSolution
		StartupItem = ..\IOSBorderLayout\IOSBorderLayout.csproj
	EndGlobalSection
EndGlobal
