
Microsoft Visual Studio Solution File, Format Version 11.00
# Visual Studio 2010
Project("{FAE04EC0-301F-11D3-BF4B-00C04F79EFBC}") = "IOSBorderLayout", "IOSBorderLayout\IOSBorderLayout.csproj", "{635485C2-080B-40E7-854E-5FD00EEECE51}"
EndProject
Global
	GlobalSection(SolutionConfigurationPlatforms) = preSolution
		Debug|iPhoneSimulator = Debug|iPhoneSimulator
		Release|iPhoneSimulator = Release|iPhoneSimulator
		Debug|iPhone = Debug|iPhone
		Release|iPhone = Release|iPhone
	EndGlobalSection
	GlobalSection(ProjectConfigurationPlatforms) = postSolution
		{635485C2-080B-40E7-854E-5FD00EEECE51}.Debug|iPhone.ActiveCfg = Debug|iPhone
		{635485C2-080B-40E7-854E-5FD00EEECE51}.Debug|iPhone.Build.0 = Debug|iPhone
		{635485C2-080B-40E7-854E-5FD00EEECE51}.Debug|iPhoneSimulator.ActiveCfg = Debug|iPhoneSimulator
		{635485C2-080B-40E7-854E-5FD00EEECE51}.Debug|iPhoneSimulator.Build.0 = Debug|iPhoneSimulator
		{635485C2-080B-40E7-854E-5FD00EEECE51}.Release|iPhone.ActiveCfg = Release|iPhone
		{635485C2-080B-40E7-854E-5FD00EEECE51}.Release|iPhone.Build.0 = Release|iPhone
		{635485C2-080B-40E7-854E-5FD00EEECE51}.Release|iPhoneSimulator.ActiveCfg = Release|iPhoneSimulator
		{635485C2-080B-40E7-854E-5FD00EEECE51}.Release|iPhoneSimulator.Build.0 = Release|iPhoneSimulator
	EndGlobalSection
	GlobalSection(MonoDevelopProperties) = preSolution
		StartupItem = IOSBorderLayout\IOSBorderLayout.csproj
	EndGlobalSection
EndGlobal
