
Microsoft Visual Studio Solution File, Format Version 11.00
# Visual Studio 2010
Project("{FAE04EC0-301F-11D3-BF4B-00C04F79EFBC}") = "WP7Slider", "WP7Slider\WP7Slider.csproj", "{09162327-FFDD-445B-A71A-81DCF361E4C2}"
EndProject
Project("{FAE04EC0-301F-11D3-BF4B-00C04F79EFBC}") = "WP7SliderContent", "WP7SliderContent\WP7SliderContent.contentproj", "{A717775D-F65C-4C59-BB97-3D4F49003AF2}"
EndProject
Global
	GlobalSection(SolutionConfigurationPlatforms) = preSolution
		Debug|Windows Phone = Debug|Windows Phone
		Release|Windows Phone = Release|Windows Phone
	EndGlobalSection
	GlobalSection(ProjectConfigurationPlatforms) = postSolution
		{09162327-FFDD-445B-A71A-81DCF361E4C2}.Debug|Windows Phone.ActiveCfg = Debug|Windows Phone
		{09162327-FFDD-445B-A71A-81DCF361E4C2}.Debug|Windows Phone.Build.0 = Debug|Windows Phone
		{09162327-FFDD-445B-A71A-81DCF361E4C2}.Debug|Windows Phone.Deploy.0 = Debug|Windows Phone
		{09162327-FFDD-445B-A71A-81DCF361E4C2}.Release|Windows Phone.ActiveCfg = Release|Windows Phone
		{09162327-FFDD-445B-A71A-81DCF361E4C2}.Release|Windows Phone.Build.0 = Release|Windows Phone
		{09162327-FFDD-445B-A71A-81DCF361E4C2}.Release|Windows Phone.Deploy.0 = Release|Windows Phone
		{A717775D-F65C-4C59-BB97-3D4F49003AF2}.Debug|Windows Phone.ActiveCfg = Debug|Windows Phone
		{A717775D-F65C-4C59-BB97-3D4F49003AF2}.Release|Windows Phone.ActiveCfg = Release|Windows Phone
	EndGlobalSection
	GlobalSection(SolutionProperties) = preSolution
		HideSolutionNode = FALSE
	EndGlobalSection
EndGlobal
