
Microsoft Visual Studio Solution File, Format Version 11.00
# Visual Studio 2010
Project("{2150E333-8FDC-42A3-9474-1A3956D46DE8}") = "WP7", "WP7", "{3578490B-B595-4902-9A5A-7CE257C68BEA}"
EndProject
Project("{FAE04EC0-301F-11D3-BF4B-00C04F79EFBC}") = "WP7InstanceLovelySound", "WP7InstanceLovelySound\WP7InstanceLovelySound\WP7InstanceLovelySound.csproj", "{60B58D82-C45D-4A36-85FA-5692768541AC}"
EndProject
Project("{FAE04EC0-301F-11D3-BF4B-00C04F79EFBC}") = "WP7InstanceLovelySoundContent", "WP7InstanceLovelySound\WP7InstanceLovelySoundContent\WP7InstanceLovelySoundContent.contentproj", "{6CF657A5-1847-46E9-9303-BF4CF0BDE236}"
EndProject
Project("{FAE04EC0-301F-11D3-BF4B-00C04F79EFBC}") = "WP7Sounds", "WP7Sounds\WP7Sounds\WP7Sounds.csproj", "{459A2674-B9EB-4D1D-9306-95546640605A}"
EndProject
Project("{FAE04EC0-301F-11D3-BF4B-00C04F79EFBC}") = "WP7SoundsContent", "WP7Sounds\WP7SoundsContent\WP7SoundsContent.contentproj", "{36809484-7EFB-4CCB-AF04-6340728C1906}"
EndProject
Global
	GlobalSection(SolutionConfigurationPlatforms) = preSolution
		Debug|Any CPU = Debug|Any CPU
		Debug|Mixed Platforms = Debug|Mixed Platforms
		Debug|Windows Phone = Debug|Windows Phone
		Release|Any CPU = Release|Any CPU
		Release|Mixed Platforms = Release|Mixed Platforms
		Release|Windows Phone = Release|Windows Phone
	EndGlobalSection
	GlobalSection(ProjectConfigurationPlatforms) = postSolution
		{60B58D82-C45D-4A36-85FA-5692768541AC}.Debug|Any CPU.ActiveCfg = Debug|Windows Phone
		{60B58D82-C45D-4A36-85FA-5692768541AC}.Debug|Mixed Platforms.ActiveCfg = Debug|Windows Phone
		{60B58D82-C45D-4A36-85FA-5692768541AC}.Debug|Mixed Platforms.Build.0 = Debug|Windows Phone
		{60B58D82-C45D-4A36-85FA-5692768541AC}.Debug|Mixed Platforms.Deploy.0 = Debug|Windows Phone
		{60B58D82-C45D-4A36-85FA-5692768541AC}.Debug|Windows Phone.ActiveCfg = Debug|Windows Phone
		{60B58D82-C45D-4A36-85FA-5692768541AC}.Debug|Windows Phone.Build.0 = Debug|Windows Phone
		{60B58D82-C45D-4A36-85FA-5692768541AC}.Debug|Windows Phone.Deploy.0 = Debug|Windows Phone
		{60B58D82-C45D-4A36-85FA-5692768541AC}.Release|Any CPU.ActiveCfg = Release|Windows Phone
		{60B58D82-C45D-4A36-85FA-5692768541AC}.Release|Mixed Platforms.ActiveCfg = Release|Windows Phone
		{60B58D82-C45D-4A36-85FA-5692768541AC}.Release|Mixed Platforms.Build.0 = Release|Windows Phone
		{60B58D82-C45D-4A36-85FA-5692768541AC}.Release|Mixed Platforms.Deploy.0 = Release|Windows Phone
		{60B58D82-C45D-4A36-85FA-5692768541AC}.Release|Windows Phone.ActiveCfg = Release|Windows Phone
		{60B58D82-C45D-4A36-85FA-5692768541AC}.Release|Windows Phone.Build.0 = Release|Windows Phone
		{60B58D82-C45D-4A36-85FA-5692768541AC}.Release|Windows Phone.Deploy.0 = Release|Windows Phone
		{6CF657A5-1847-46E9-9303-BF4CF0BDE236}.Debug|Any CPU.ActiveCfg = Debug|Windows Phone
		{6CF657A5-1847-46E9-9303-BF4CF0BDE236}.Debug|Mixed Platforms.ActiveCfg = Debug|Windows Phone
		{6CF657A5-1847-46E9-9303-BF4CF0BDE236}.Debug|Windows Phone.ActiveCfg = Debug|Windows Phone
		{6CF657A5-1847-46E9-9303-BF4CF0BDE236}.Release|Any CPU.ActiveCfg = Release|Windows Phone
		{6CF657A5-1847-46E9-9303-BF4CF0BDE236}.Release|Mixed Platforms.ActiveCfg = Release|Windows Phone
		{6CF657A5-1847-46E9-9303-BF4CF0BDE236}.Release|Windows Phone.ActiveCfg = Release|Windows Phone
		{459A2674-B9EB-4D1D-9306-95546640605A}.Debug|Any CPU.ActiveCfg = Debug|Windows Phone
		{459A2674-B9EB-4D1D-9306-95546640605A}.Debug|Mixed Platforms.ActiveCfg = Debug|Windows Phone
		{459A2674-B9EB-4D1D-9306-95546640605A}.Debug|Mixed Platforms.Build.0 = Debug|Windows Phone
		{459A2674-B9EB-4D1D-9306-95546640605A}.Debug|Mixed Platforms.Deploy.0 = Debug|Windows Phone
		{459A2674-B9EB-4D1D-9306-95546640605A}.Debug|Windows Phone.ActiveCfg = Debug|Windows Phone
		{459A2674-B9EB-4D1D-9306-95546640605A}.Debug|Windows Phone.Build.0 = Debug|Windows Phone
		{459A2674-B9EB-4D1D-9306-95546640605A}.Debug|Windows Phone.Deploy.0 = Debug|Windows Phone
		{459A2674-B9EB-4D1D-9306-95546640605A}.Release|Any CPU.ActiveCfg = Release|Windows Phone
		{459A2674-B9EB-4D1D-9306-95546640605A}.Release|Mixed Platforms.ActiveCfg = Release|Windows Phone
		{459A2674-B9EB-4D1D-9306-95546640605A}.Release|Mixed Platforms.Build.0 = Release|Windows Phone
		{459A2674-B9EB-4D1D-9306-95546640605A}.Release|Mixed Platforms.Deploy.0 = Release|Windows Phone
		{459A2674-B9EB-4D1D-9306-95546640605A}.Release|Windows Phone.ActiveCfg = Release|Windows Phone
		{459A2674-B9EB-4D1D-9306-95546640605A}.Release|Windows Phone.Build.0 = Release|Windows Phone
		{459A2674-B9EB-4D1D-9306-95546640605A}.Release|Windows Phone.Deploy.0 = Release|Windows Phone
		{36809484-7EFB-4CCB-AF04-6340728C1906}.Debug|Any CPU.ActiveCfg = Debug|Windows Phone
		{36809484-7EFB-4CCB-AF04-6340728C1906}.Debug|Mixed Platforms.ActiveCfg = Debug|Windows Phone
		{36809484-7EFB-4CCB-AF04-6340728C1906}.Debug|Windows Phone.ActiveCfg = Debug|Windows Phone
		{36809484-7EFB-4CCB-AF04-6340728C1906}.Release|Any CPU.ActiveCfg = Release|Windows Phone
		{36809484-7EFB-4CCB-AF04-6340728C1906}.Release|Mixed Platforms.ActiveCfg = Release|Windows Phone
		{36809484-7EFB-4CCB-AF04-6340728C1906}.Release|Windows Phone.ActiveCfg = Release|Windows Phone
	EndGlobalSection
	GlobalSection(SolutionProperties) = preSolution
		HideSolutionNode = FALSE
	EndGlobalSection
	GlobalSection(NestedProjects) = preSolution
		{60B58D82-C45D-4A36-85FA-5692768541AC} = {3578490B-B595-4902-9A5A-7CE257C68BEA}
		{6CF657A5-1847-46E9-9303-BF4CF0BDE236} = {3578490B-B595-4902-9A5A-7CE257C68BEA}
		{459A2674-B9EB-4D1D-9306-95546640605A} = {3578490B-B595-4902-9A5A-7CE257C68BEA}
		{36809484-7EFB-4CCB-AF04-6340728C1906} = {3578490B-B595-4902-9A5A-7CE257C68BEA}
	EndGlobalSection
EndGlobal
