
Microsoft Visual Studio Solution File, Format Version 11.00
# Visual Studio 2010
Project("{FAE04EC0-301F-11D3-BF4B-00C04F79EFBC}") = "AndroidTextArea", "AndroidTextArea\AndroidTextArea.csproj", "{CA4F4C38-A939-4FB6-BA00-21C1364F497E}"
EndProject
Global
	GlobalSection(SolutionConfigurationPlatforms) = preSolution
		Debug|Any CPU = Debug|Any CPU
		Release|Any CPU = Release|Any CPU
	EndGlobalSection
	GlobalSection(ProjectConfigurationPlatforms) = postSolution
		{CA4F4C38-A939-4FB6-BA00-21C1364F497E}.Debug|Any CPU.ActiveCfg = Debug|Any CPU
		{CA4F4C38-A939-4FB6-BA00-21C1364F497E}.Debug|Any CPU.Build.0 = Debug|Any CPU
		{CA4F4C38-A939-4FB6-BA00-21C1364F497E}.Debug|Any CPU.Deploy.0 = Debug|Any CPU
		{CA4F4C38-A939-4FB6-BA00-21C1364F497E}.Release|Any CPU.ActiveCfg = Release|Any CPU
		{CA4F4C38-A939-4FB6-BA00-21C1364F497E}.Release|Any CPU.Build.0 = Release|Any CPU
		{CA4F4C38-A939-4FB6-BA00-21C1364F497E}.Release|Any CPU.Deploy.0 = Release|Any CPU
	EndGlobalSection
	GlobalSection(SolutionProperties) = preSolution
		HideSolutionNode = FALSE
	EndGlobalSection
EndGlobal
