
Microsoft Visual Studio Solution File, Format Version 11.00
# Visual Studio 2010
Project("{FAE04EC0-301F-11D3-BF4B-00C04F79EFBC}") = "AndroidSensors", "AndroidSensors\AndroidSensors.csproj", "{3B780AFA-9503-404D-B918-B0979061FAC2}"
EndProject
Global
	GlobalSection(SolutionConfigurationPlatforms) = preSolution
		Debug|Any CPU = Debug|Any CPU
		Release|Any CPU = Release|Any CPU
	EndGlobalSection
	GlobalSection(ProjectConfigurationPlatforms) = postSolution
		{3B780AFA-9503-404D-B918-B0979061FAC2}.Debug|Any CPU.ActiveCfg = Debug|Any CPU
		{3B780AFA-9503-404D-B918-B0979061FAC2}.Debug|Any CPU.Build.0 = Debug|Any CPU
		{3B780AFA-9503-404D-B918-B0979061FAC2}.Debug|Any CPU.Deploy.0 = Debug|Any CPU
		{3B780AFA-9503-404D-B918-B0979061FAC2}.Release|Any CPU.ActiveCfg = Release|Any CPU
		{3B780AFA-9503-404D-B918-B0979061FAC2}.Release|Any CPU.Build.0 = Release|Any CPU
		{3B780AFA-9503-404D-B918-B0979061FAC2}.Release|Any CPU.Deploy.0 = Release|Any CPU
	EndGlobalSection
	GlobalSection(SolutionProperties) = preSolution
		HideSolutionNode = FALSE
	EndGlobalSection
EndGlobal
