
Microsoft Visual Studio Solution File, Format Version 11.00
# Visual Studio 2010
Project("{FAE04EC0-301F-11D3-BF4B-00C04F79EFBC}") = "AndroidLabels", "AndroidLabels\AndroidLabels.csproj", "{8BB1F12A-474E-4F30-B758-A27BAEF2E01B}"
EndProject
Global
	GlobalSection(SolutionConfigurationPlatforms) = preSolution
		Debug|Any CPU = Debug|Any CPU
		Release|Any CPU = Release|Any CPU
	EndGlobalSection
	GlobalSection(ProjectConfigurationPlatforms) = postSolution
		{8BB1F12A-474E-4F30-B758-A27BAEF2E01B}.Debug|Any CPU.ActiveCfg = Debug|Any CPU
		{8BB1F12A-474E-4F30-B758-A27BAEF2E01B}.Debug|Any CPU.Build.0 = Debug|Any CPU
		{8BB1F12A-474E-4F30-B758-A27BAEF2E01B}.Debug|Any CPU.Deploy.0 = Debug|Any CPU
		{8BB1F12A-474E-4F30-B758-A27BAEF2E01B}.Release|Any CPU.ActiveCfg = Release|Any CPU
		{8BB1F12A-474E-4F30-B758-A27BAEF2E01B}.Release|Any CPU.Build.0 = Release|Any CPU
		{8BB1F12A-474E-4F30-B758-A27BAEF2E01B}.Release|Any CPU.Deploy.0 = Release|Any CPU
	EndGlobalSection
	GlobalSection(SolutionProperties) = preSolution
		HideSolutionNode = FALSE
	EndGlobalSection
EndGlobal
