
Microsoft Visual Studio Solution File, Format Version 11.00
# Visual Studio 2010
Project("{FAE04EC0-301F-11D3-BF4B-00C04F79EFBC}") = "CellSDKWindowsApp1", "CellSDKWindowsApp1\CellSDKWindowsApp1\CellSDKWindowsApp1.csproj", "{D936DE8B-AFFD-47AB-90CB-2A2DAB79BC62}"
EndProject
Project("{96E2B04D-8817-42C6-938A-82C39BA4D311}") = "CellSDKWindowsApp1Content", "CellSDKWindowsApp1\CellSDKWindowsApp1Content\CellSDKWindowsApp1Content.contentproj", "{5D33637C-96AF-4D54-B703-F20FF3F657A2}"
EndProject
Global
	GlobalSection(SolutionConfigurationPlatforms) = preSolution
		Debug|x86 = Debug|x86
		Release|x86 = Release|x86
	EndGlobalSection
	GlobalSection(ProjectConfigurationPlatforms) = postSolution
		{D936DE8B-AFFD-47AB-90CB-2A2DAB79BC62}.Debug|x86.ActiveCfg = Debug|x86
		{D936DE8B-AFFD-47AB-90CB-2A2DAB79BC62}.Debug|x86.Build.0 = Debug|x86
		{D936DE8B-AFFD-47AB-90CB-2A2DAB79BC62}.Release|x86.ActiveCfg = Release|x86
		{D936DE8B-AFFD-47AB-90CB-2A2DAB79BC62}.Release|x86.Build.0 = Release|x86
		{5D33637C-96AF-4D54-B703-F20FF3F657A2}.Debug|x86.ActiveCfg = Debug|x86
		{5D33637C-96AF-4D54-B703-F20FF3F657A2}.Release|x86.ActiveCfg = Release|x86
	EndGlobalSection
	GlobalSection(SolutionProperties) = preSolution
		HideSolutionNode = FALSE
	EndGlobalSection
EndGlobal
