
Microsoft Visual Studio Solution File, Format Version 11.00
# Visual Studio 2010
Project("{FAE04EC0-301F-11D3-BF4B-00C04F79EFBC}") = "IOSSkins", "IOSSkins\IOSSkins.csproj", "{DBBE51FC-A382-4CE5-81E4-D9F4358E1F82}"
EndProject
Global
	GlobalSection(SolutionConfigurationPlatforms) = preSolution
		Debug|iPhoneSimulator = Debug|iPhoneSimulator
		Release|iPhoneSimulator = Release|iPhoneSimulator
		Debug|iPhone = Debug|iPhone
		Release|iPhone = Release|iPhone
	EndGlobalSection
	GlobalSection(ProjectConfigurationPlatforms) = postSolution
		{DBBE51FC-A382-4CE5-81E4-D9F4358E1F82}.Debug|iPhone.ActiveCfg = Debug|iPhone
		{DBBE51FC-A382-4CE5-81E4-D9F4358E1F82}.Debug|iPhone.Build.0 = Debug|iPhone
		{DBBE51FC-A382-4CE5-81E4-D9F4358E1F82}.Debug|iPhoneSimulator.ActiveCfg = Debug|iPhoneSimulator
		{DBBE51FC-A382-4CE5-81E4-D9F4358E1F82}.Debug|iPhoneSimulator.Build.0 = Debug|iPhoneSimulator
		{DBBE51FC-A382-4CE5-81E4-D9F4358E1F82}.Release|iPhone.ActiveCfg = Release|iPhone
		{DBBE51FC-A382-4CE5-81E4-D9F4358E1F82}.Release|iPhone.Build.0 = Release|iPhone
		{DBBE51FC-A382-4CE5-81E4-D9F4358E1F82}.Release|iPhoneSimulator.ActiveCfg = Release|iPhoneSimulator
		{DBBE51FC-A382-4CE5-81E4-D9F4358E1F82}.Release|iPhoneSimulator.Build.0 = Release|iPhoneSimulator
	EndGlobalSection
	GlobalSection(MonoDevelopProperties) = preSolution
		StartupItem = IOSSkins\IOSSkins.csproj
	EndGlobalSection
EndGlobal
