
Microsoft Visual Studio Solution File, Format Version 11.00
# Visual Studio 2010
Project("{FAE04EC0-301F-11D3-BF4B-00C04F79EFBC}") = "IOSzBuffering", "IOSzBuffering\IOSzBuffering.csproj", "{ADD47B4F-8192-4FE8-8BCC-B8AD463AE32F}"
EndProject
Global
	GlobalSection(SolutionConfigurationPlatforms) = preSolution
		Debug|iPhoneSimulator = Debug|iPhoneSimulator
		Release|iPhoneSimulator = Release|iPhoneSimulator
		Debug|iPhone = Debug|iPhone
		Release|iPhone = Release|iPhone
	EndGlobalSection
	GlobalSection(ProjectConfigurationPlatforms) = postSolution
		{ADD47B4F-8192-4FE8-8BCC-B8AD463AE32F}.Debug|iPhone.ActiveCfg = Debug|iPhone
		{ADD47B4F-8192-4FE8-8BCC-B8AD463AE32F}.Debug|iPhone.Build.0 = Debug|iPhone
		{ADD47B4F-8192-4FE8-8BCC-B8AD463AE32F}.Debug|iPhoneSimulator.ActiveCfg = Debug|iPhoneSimulator
		{ADD47B4F-8192-4FE8-8BCC-B8AD463AE32F}.Debug|iPhoneSimulator.Build.0 = Debug|iPhoneSimulator
		{ADD47B4F-8192-4FE8-8BCC-B8AD463AE32F}.Release|iPhone.ActiveCfg = Release|iPhone
		{ADD47B4F-8192-4FE8-8BCC-B8AD463AE32F}.Release|iPhone.Build.0 = Release|iPhone
		{ADD47B4F-8192-4FE8-8BCC-B8AD463AE32F}.Release|iPhoneSimulator.ActiveCfg = Release|iPhoneSimulator
		{ADD47B4F-8192-4FE8-8BCC-B8AD463AE32F}.Release|iPhoneSimulator.Build.0 = Release|iPhoneSimulator
	EndGlobalSection
	GlobalSection(MonoDevelopProperties) = preSolution
		StartupItem = IOSzBuffering\IOSzBuffering.csproj
	EndGlobalSection
EndGlobal
