
Microsoft Visual Studio Solution File, Format Version 11.00
# Visual Studio 2010
Project("{FAE04EC0-301F-11D3-BF4B-00C04F79EFBC}") = "Animations", "Animations\Animations\Animations.csproj", "{9518EEAD-03A3-4A51-912D-195DCE7A87F1}"
EndProject
Project("{96E2B04D-8817-42C6-938A-82C39BA4D311}") = "AnimationsContent", "Animations\AnimationsContent\AnimationsContent.contentproj", "{00BBDA90-8C8A-4365-BD69-3580940FD2FC}"
EndProject
Global
	GlobalSection(SolutionConfigurationPlatforms) = preSolution
		Debug|Windows Phone = Debug|Windows Phone
		Release|Windows Phone = Release|Windows Phone
	EndGlobalSection
	GlobalSection(ProjectConfigurationPlatforms) = postSolution
		{9518EEAD-03A3-4A51-912D-195DCE7A87F1}.Debug|Windows Phone.ActiveCfg = Debug|Windows Phone
		{9518EEAD-03A3-4A51-912D-195DCE7A87F1}.Debug|Windows Phone.Build.0 = Debug|Windows Phone
		{9518EEAD-03A3-4A51-912D-195DCE7A87F1}.Debug|Windows Phone.Deploy.0 = Debug|Windows Phone
		{9518EEAD-03A3-4A51-912D-195DCE7A87F1}.Release|Windows Phone.ActiveCfg = Release|Windows Phone
		{9518EEAD-03A3-4A51-912D-195DCE7A87F1}.Release|Windows Phone.Build.0 = Release|Windows Phone
		{9518EEAD-03A3-4A51-912D-195DCE7A87F1}.Release|Windows Phone.Deploy.0 = Release|Windows Phone
		{00BBDA90-8C8A-4365-BD69-3580940FD2FC}.Debug|Windows Phone.ActiveCfg = Debug|Windows Phone
		{00BBDA90-8C8A-4365-BD69-3580940FD2FC}.Release|Windows Phone.ActiveCfg = Release|Windows Phone
	EndGlobalSection
	GlobalSection(SolutionProperties) = preSolution
		HideSolutionNode = FALSE
	EndGlobalSection
EndGlobal
