
Microsoft Visual Studio Solution File, Format Version 11.00
# Visual Studio 2010
Project("{FAE04EC0-301F-11D3-BF4B-00C04F79EFBC}") = "WP7Canvas", "WP7Canvas\WP7Canvas\WP7Canvas.csproj", "{D5BE4B55-60DF-48CE-8FD8-340084A31076}"
EndProject
Project("{FAE04EC0-301F-11D3-BF4B-00C04F79EFBC}") = "WP7CanvasContent", "WP7Canvas\WP7CanvasContent\WP7CanvasContent.contentproj", "{8E2D99AB-6A08-475D-97BB-A1567225B4EC}"
EndProject
Global
	GlobalSection(SolutionConfigurationPlatforms) = preSolution
		Debug|Any CPU = Debug|Any CPU
		Debug|Mixed Platforms = Debug|Mixed Platforms
		Debug|Windows Phone = Debug|Windows Phone
		Release|Any CPU = Release|Any CPU
		Release|Mixed Platforms = Release|Mixed Platforms
		Release|Windows Phone = Release|Windows Phone
	EndGlobalSection
	GlobalSection(ProjectConfigurationPlatforms) = postSolution
		{D5BE4B55-60DF-48CE-8FD8-340084A31076}.Debug|Any CPU.ActiveCfg = Debug|Windows Phone
		{D5BE4B55-60DF-48CE-8FD8-340084A31076}.Debug|Mixed Platforms.ActiveCfg = Debug|Windows Phone
		{D5BE4B55-60DF-48CE-8FD8-340084A31076}.Debug|Mixed Platforms.Build.0 = Debug|Windows Phone
		{D5BE4B55-60DF-48CE-8FD8-340084A31076}.Debug|Mixed Platforms.Deploy.0 = Debug|Windows Phone
		{D5BE4B55-60DF-48CE-8FD8-340084A31076}.Debug|Windows Phone.ActiveCfg = Debug|Windows Phone
		{D5BE4B55-60DF-48CE-8FD8-340084A31076}.Debug|Windows Phone.Build.0 = Debug|Windows Phone
		{D5BE4B55-60DF-48CE-8FD8-340084A31076}.Debug|Windows Phone.Deploy.0 = Debug|Windows Phone
		{D5BE4B55-60DF-48CE-8FD8-340084A31076}.Release|Any CPU.ActiveCfg = Release|Windows Phone
		{D5BE4B55-60DF-48CE-8FD8-340084A31076}.Release|Mixed Platforms.ActiveCfg = Release|Windows Phone
		{D5BE4B55-60DF-48CE-8FD8-340084A31076}.Release|Mixed Platforms.Build.0 = Release|Windows Phone
		{D5BE4B55-60DF-48CE-8FD8-340084A31076}.Release|Mixed Platforms.Deploy.0 = Release|Windows Phone
		{D5BE4B55-60DF-48CE-8FD8-340084A31076}.Release|Windows Phone.ActiveCfg = Release|Windows Phone
		{D5BE4B55-60DF-48CE-8FD8-340084A31076}.Release|Windows Phone.Build.0 = Release|Windows Phone
		{D5BE4B55-60DF-48CE-8FD8-340084A31076}.Release|Windows Phone.Deploy.0 = Release|Windows Phone
		{8E2D99AB-6A08-475D-97BB-A1567225B4EC}.Debug|Any CPU.ActiveCfg = Debug|Windows Phone
		{8E2D99AB-6A08-475D-97BB-A1567225B4EC}.Debug|Mixed Platforms.ActiveCfg = Debug|Windows Phone
		{8E2D99AB-6A08-475D-97BB-A1567225B4EC}.Debug|Windows Phone.ActiveCfg = Debug|Windows Phone
		{8E2D99AB-6A08-475D-97BB-A1567225B4EC}.Release|Any CPU.ActiveCfg = Release|Windows Phone
		{8E2D99AB-6A08-475D-97BB-A1567225B4EC}.Release|Mixed Platforms.ActiveCfg = Release|Windows Phone
		{8E2D99AB-6A08-475D-97BB-A1567225B4EC}.Release|Windows Phone.ActiveCfg = Release|Windows Phone
	EndGlobalSection
	GlobalSection(SolutionProperties) = preSolution
		HideSolutionNode = FALSE
	EndGlobalSection
EndGlobal
