
Microsoft Visual Studio Solution File, Format Version 11.00
# Visual Studio 2010
Project("{FAE04EC0-301F-11D3-BF4B-00C04F79EFBC}") = "IOSKeyboard", "IOSKeyboard\IOSKeyboard.csproj", "{23A6E3E6-13E6-4F1E-BA9D-01658A31AF64}"
EndProject
Global
	GlobalSection(SolutionConfigurationPlatforms) = preSolution
		Debug|iPhoneSimulator = Debug|iPhoneSimulator
		Release|iPhoneSimulator = Release|iPhoneSimulator
		Debug|iPhone = Debug|iPhone
		Release|iPhone = Release|iPhone
	EndGlobalSection
	GlobalSection(ProjectConfigurationPlatforms) = postSolution
		{23A6E3E6-13E6-4F1E-BA9D-01658A31AF64}.Debug|iPhone.ActiveCfg = Debug|iPhone
		{23A6E3E6-13E6-4F1E-BA9D-01658A31AF64}.Debug|iPhone.Build.0 = Debug|iPhone
		{23A6E3E6-13E6-4F1E-BA9D-01658A31AF64}.Debug|iPhoneSimulator.ActiveCfg = Debug|iPhoneSimulator
		{23A6E3E6-13E6-4F1E-BA9D-01658A31AF64}.Debug|iPhoneSimulator.Build.0 = Debug|iPhoneSimulator
		{23A6E3E6-13E6-4F1E-BA9D-01658A31AF64}.Release|iPhone.ActiveCfg = Release|iPhone
		{23A6E3E6-13E6-4F1E-BA9D-01658A31AF64}.Release|iPhone.Build.0 = Release|iPhone
		{23A6E3E6-13E6-4F1E-BA9D-01658A31AF64}.Release|iPhoneSimulator.ActiveCfg = Release|iPhoneSimulator
		{23A6E3E6-13E6-4F1E-BA9D-01658A31AF64}.Release|iPhoneSimulator.Build.0 = Release|iPhoneSimulator
	EndGlobalSection
	GlobalSection(MonoDevelopProperties) = preSolution
		StartupItem = IOSKeyboard\IOSKeyboard.csproj
	EndGlobalSection
EndGlobal
