
Microsoft Visual Studio Solution File, Format Version 11.00
# Visual Studio 2010
Project("{FAE04EC0-301F-11D3-BF4B-00C04F79EFBC}") = "WP7Slider", "WP7Slider\WP7Slider\WP7Slider.csproj", "{09162327-FFDD-445B-A71A-81DCF361E4C2}"
EndProject
Project("{96E2B04D-8817-42C6-938A-82C39BA4D311}") = "WP7SliderContent", "WP7Slider\WP7SliderContent\WP7SliderContent.contentproj", "{A717775D-F65C-4C59-BB97-3D4F49003AF2}"
EndProject
Project("{FAE04EC0-301F-11D3-BF4B-00C04F79EFBC}") = "AndroidSlider", "AndroidSlider\AndroidSlider.csproj", "{5F63C6FB-9247-4233-8741-F0F54F461907}"
EndProject
Global
	GlobalSection(SolutionConfigurationPlatforms) = preSolution
		Debug|Any CPU = Debug|Any CPU
		Debug|Mixed Platforms = Debug|Mixed Platforms
		Debug|Windows Phone = Debug|Windows Phone
		Release|Any CPU = Release|Any CPU
		Release|Mixed Platforms = Release|Mixed Platforms
		Release|Windows Phone = Release|Windows Phone
	EndGlobalSection
	GlobalSection(ProjectConfigurationPlatforms) = postSolution
		{09162327-FFDD-445B-A71A-81DCF361E4C2}.Debug|Any CPU.ActiveCfg = Debug|Windows Phone
		{09162327-FFDD-445B-A71A-81DCF361E4C2}.Debug|Mixed Platforms.ActiveCfg = Debug|Windows Phone
		{09162327-FFDD-445B-A71A-81DCF361E4C2}.Debug|Mixed Platforms.Build.0 = Debug|Windows Phone
		{09162327-FFDD-445B-A71A-81DCF361E4C2}.Debug|Mixed Platforms.Deploy.0 = Debug|Windows Phone
		{09162327-FFDD-445B-A71A-81DCF361E4C2}.Debug|Windows Phone.ActiveCfg = Debug|Windows Phone
		{09162327-FFDD-445B-A71A-81DCF361E4C2}.Debug|Windows Phone.Build.0 = Debug|Windows Phone
		{09162327-FFDD-445B-A71A-81DCF361E4C2}.Debug|Windows Phone.Deploy.0 = Debug|Windows Phone
		{09162327-FFDD-445B-A71A-81DCF361E4C2}.Release|Any CPU.ActiveCfg = Release|Windows Phone
		{09162327-FFDD-445B-A71A-81DCF361E4C2}.Release|Mixed Platforms.ActiveCfg = Release|Windows Phone
		{09162327-FFDD-445B-A71A-81DCF361E4C2}.Release|Mixed Platforms.Build.0 = Release|Windows Phone
		{09162327-FFDD-445B-A71A-81DCF361E4C2}.Release|Mixed Platforms.Deploy.0 = Release|Windows Phone
		{09162327-FFDD-445B-A71A-81DCF361E4C2}.Release|Windows Phone.ActiveCfg = Release|Windows Phone
		{09162327-FFDD-445B-A71A-81DCF361E4C2}.Release|Windows Phone.Build.0 = Release|Windows Phone
		{09162327-FFDD-445B-A71A-81DCF361E4C2}.Release|Windows Phone.Deploy.0 = Release|Windows Phone
		{A717775D-F65C-4C59-BB97-3D4F49003AF2}.Debug|Any CPU.ActiveCfg = Debug|Windows Phone
		{A717775D-F65C-4C59-BB97-3D4F49003AF2}.Debug|Mixed Platforms.ActiveCfg = Debug|Windows Phone
		{A717775D-F65C-4C59-BB97-3D4F49003AF2}.Debug|Windows Phone.ActiveCfg = Debug|Windows Phone
		{A717775D-F65C-4C59-BB97-3D4F49003AF2}.Release|Any CPU.ActiveCfg = Release|Windows Phone
		{A717775D-F65C-4C59-BB97-3D4F49003AF2}.Release|Mixed Platforms.ActiveCfg = Release|Windows Phone
		{A717775D-F65C-4C59-BB97-3D4F49003AF2}.Release|Windows Phone.ActiveCfg = Release|Windows Phone
		{5F63C6FB-9247-4233-8741-F0F54F461907}.Debug|Any CPU.ActiveCfg = Debug|Any CPU
		{5F63C6FB-9247-4233-8741-F0F54F461907}.Debug|Any CPU.Build.0 = Debug|Any CPU
		{5F63C6FB-9247-4233-8741-F0F54F461907}.Debug|Any CPU.Deploy.0 = Debug|Any CPU
		{5F63C6FB-9247-4233-8741-F0F54F461907}.Debug|Mixed Platforms.ActiveCfg = Debug|Any CPU
		{5F63C6FB-9247-4233-8741-F0F54F461907}.Debug|Mixed Platforms.Build.0 = Debug|Any CPU
		{5F63C6FB-9247-4233-8741-F0F54F461907}.Debug|Mixed Platforms.Deploy.0 = Debug|Any CPU
		{5F63C6FB-9247-4233-8741-F0F54F461907}.Debug|Windows Phone.ActiveCfg = Debug|Any CPU
		{5F63C6FB-9247-4233-8741-F0F54F461907}.Release|Any CPU.ActiveCfg = Release|Any CPU
		{5F63C6FB-9247-4233-8741-F0F54F461907}.Release|Any CPU.Build.0 = Release|Any CPU
		{5F63C6FB-9247-4233-8741-F0F54F461907}.Release|Any CPU.Deploy.0 = Release|Any CPU
		{5F63C6FB-9247-4233-8741-F0F54F461907}.Release|Mixed Platforms.ActiveCfg = Release|Any CPU
		{5F63C6FB-9247-4233-8741-F0F54F461907}.Release|Mixed Platforms.Build.0 = Release|Any CPU
		{5F63C6FB-9247-4233-8741-F0F54F461907}.Release|Mixed Platforms.Deploy.0 = Release|Any CPU
		{5F63C6FB-9247-4233-8741-F0F54F461907}.Release|Windows Phone.ActiveCfg = Release|Any CPU
	EndGlobalSection
	GlobalSection(SolutionProperties) = preSolution
		HideSolutionNode = FALSE
	EndGlobalSection
EndGlobal
