
Microsoft Visual Studio Solution File, Format Version 11.00
# Visual Studio 2010
Project("{FAE04EC0-301F-11D3-BF4B-00C04F79EFBC}") = "IOSLocalytics", "IOSLocalytics\IOSLocalytics.csproj", "{A4FBEE75-E9CE-4B92-94A4-F4D626811813}"
EndProject
Global
	GlobalSection(SolutionConfigurationPlatforms) = preSolution
		Debug|iPhoneSimulator = Debug|iPhoneSimulator
		Release|iPhoneSimulator = Release|iPhoneSimulator
		Debug|iPhone = Debug|iPhone
		Release|iPhone = Release|iPhone
	EndGlobalSection
	GlobalSection(ProjectConfigurationPlatforms) = postSolution
		{A4FBEE75-E9CE-4B92-94A4-F4D626811813}.Debug|iPhone.ActiveCfg = Debug|iPhone
		{A4FBEE75-E9CE-4B92-94A4-F4D626811813}.Debug|iPhone.Build.0 = Debug|iPhone
		{A4FBEE75-E9CE-4B92-94A4-F4D626811813}.Debug|iPhoneSimulator.ActiveCfg = Debug|iPhoneSimulator
		{A4FBEE75-E9CE-4B92-94A4-F4D626811813}.Debug|iPhoneSimulator.Build.0 = Debug|iPhoneSimulator
		{A4FBEE75-E9CE-4B92-94A4-F4D626811813}.Release|iPhone.ActiveCfg = Release|iPhone
		{A4FBEE75-E9CE-4B92-94A4-F4D626811813}.Release|iPhone.Build.0 = Release|iPhone
		{A4FBEE75-E9CE-4B92-94A4-F4D626811813}.Release|iPhoneSimulator.ActiveCfg = Release|iPhoneSimulator
		{A4FBEE75-E9CE-4B92-94A4-F4D626811813}.Release|iPhoneSimulator.Build.0 = Release|iPhoneSimulator
	EndGlobalSection
	GlobalSection(MonoDevelopProperties) = preSolution
		StartupItem = IOSLocalytics\IOSLocalytics.csproj
	EndGlobalSection
EndGlobal
