
Microsoft Visual Studio Solution File, Format Version 11.00
# Visual Studio 2010
Project("{FAE04EC0-301F-11D3-BF4B-00C04F79EFBC}") = "WP7SpritesContent", "WP7SpritesContent\WP7SpritesContent.contentproj", "{7A406108-68B9-4432-8861-76E27BC32F2D}"
EndProject
Project("{FAE04EC0-301F-11D3-BF4B-00C04F79EFBC}") = "WP7Sprites", "WP7Sprites\WP7Sprites.csproj", "{B8E18E8B-C9F3-4A41-A958-EDC911D22B46}"
EndProject
Global
	GlobalSection(SolutionConfigurationPlatforms) = preSolution
		Debug|Windows Phone = Debug|Windows Phone
		Release|Windows Phone = Release|Windows Phone
	EndGlobalSection
	GlobalSection(ProjectConfigurationPlatforms) = postSolution
		{7A406108-68B9-4432-8861-76E27BC32F2D}.Debug|Windows Phone.ActiveCfg = Debug|Windows Phone
		{7A406108-68B9-4432-8861-76E27BC32F2D}.Release|Windows Phone.ActiveCfg = Release|Windows Phone
		{B8E18E8B-C9F3-4A41-A958-EDC911D22B46}.Debug|Windows Phone.ActiveCfg = Debug|Windows Phone
		{B8E18E8B-C9F3-4A41-A958-EDC911D22B46}.Debug|Windows Phone.Build.0 = Debug|Windows Phone
		{B8E18E8B-C9F3-4A41-A958-EDC911D22B46}.Debug|Windows Phone.Deploy.0 = Debug|Windows Phone
		{B8E18E8B-C9F3-4A41-A958-EDC911D22B46}.Release|Windows Phone.ActiveCfg = Release|Windows Phone
		{B8E18E8B-C9F3-4A41-A958-EDC911D22B46}.Release|Windows Phone.Build.0 = Release|Windows Phone
		{B8E18E8B-C9F3-4A41-A958-EDC911D22B46}.Release|Windows Phone.Deploy.0 = Release|Windows Phone
	EndGlobalSection
	GlobalSection(SolutionProperties) = preSolution
		HideSolutionNode = FALSE
	EndGlobalSection
EndGlobal
