
Microsoft Visual Studio Solution File, Format Version 11.00
# Visual Studio 2010
Project("{FAE04EC0-301F-11D3-BF4B-00C04F79EFBC}") = "WP7Accelormeter", "Accelerometer\Accelerometer\WP7Accelormeter.csproj", "{FB0197A9-7348-42DE-94B8-8F3807612AF3}"
EndProject
Project("{FAE04EC0-301F-11D3-BF4B-00C04F79EFBC}") = "WP7AccelormeterContent", "Accelerometer\AccelerometerContent\WP7AccelormeterContent.contentproj", "{03FB58AF-6E7D-4796-821C-D9780E9D4966}"
EndProject
Global
	GlobalSection(SolutionConfigurationPlatforms) = preSolution
		Debug|Any CPU = Debug|Any CPU
		Debug|Mixed Platforms = Debug|Mixed Platforms
		Debug|Windows Phone = Debug|Windows Phone
		Release|Any CPU = Release|Any CPU
		Release|Mixed Platforms = Release|Mixed Platforms
		Release|Windows Phone = Release|Windows Phone
	EndGlobalSection
	GlobalSection(ProjectConfigurationPlatforms) = postSolution
		{FB0197A9-7348-42DE-94B8-8F3807612AF3}.Debug|Any CPU.ActiveCfg = Debug|Windows Phone
		{FB0197A9-7348-42DE-94B8-8F3807612AF3}.Debug|Mixed Platforms.ActiveCfg = Debug|Windows Phone
		{FB0197A9-7348-42DE-94B8-8F3807612AF3}.Debug|Mixed Platforms.Build.0 = Debug|Windows Phone
		{FB0197A9-7348-42DE-94B8-8F3807612AF3}.Debug|Mixed Platforms.Deploy.0 = Debug|Windows Phone
		{FB0197A9-7348-42DE-94B8-8F3807612AF3}.Debug|Windows Phone.ActiveCfg = Debug|Windows Phone
		{FB0197A9-7348-42DE-94B8-8F3807612AF3}.Debug|Windows Phone.Build.0 = Debug|Windows Phone
		{FB0197A9-7348-42DE-94B8-8F3807612AF3}.Debug|Windows Phone.Deploy.0 = Debug|Windows Phone
		{FB0197A9-7348-42DE-94B8-8F3807612AF3}.Release|Any CPU.ActiveCfg = Release|Windows Phone
		{FB0197A9-7348-42DE-94B8-8F3807612AF3}.Release|Mixed Platforms.ActiveCfg = Release|Windows Phone
		{FB0197A9-7348-42DE-94B8-8F3807612AF3}.Release|Mixed Platforms.Build.0 = Release|Windows Phone
		{FB0197A9-7348-42DE-94B8-8F3807612AF3}.Release|Mixed Platforms.Deploy.0 = Release|Windows Phone
		{FB0197A9-7348-42DE-94B8-8F3807612AF3}.Release|Windows Phone.ActiveCfg = Release|Windows Phone
		{FB0197A9-7348-42DE-94B8-8F3807612AF3}.Release|Windows Phone.Build.0 = Release|Windows Phone
		{FB0197A9-7348-42DE-94B8-8F3807612AF3}.Release|Windows Phone.Deploy.0 = Release|Windows Phone
		{03FB58AF-6E7D-4796-821C-D9780E9D4966}.Debug|Any CPU.ActiveCfg = Debug|Windows Phone
		{03FB58AF-6E7D-4796-821C-D9780E9D4966}.Debug|Mixed Platforms.ActiveCfg = Debug|Windows Phone
		{03FB58AF-6E7D-4796-821C-D9780E9D4966}.Debug|Windows Phone.ActiveCfg = Debug|Windows Phone
		{03FB58AF-6E7D-4796-821C-D9780E9D4966}.Release|Any CPU.ActiveCfg = Release|Windows Phone
		{03FB58AF-6E7D-4796-821C-D9780E9D4966}.Release|Mixed Platforms.ActiveCfg = Release|Windows Phone
		{03FB58AF-6E7D-4796-821C-D9780E9D4966}.Release|Windows Phone.ActiveCfg = Release|Windows Phone
	EndGlobalSection
	GlobalSection(SolutionProperties) = preSolution
		HideSolutionNode = FALSE
	EndGlobalSection
EndGlobal
