
Microsoft Visual Studio Solution File, Format Version 11.00
# Visual Studio 2010
Project("{FAE04EC0-301F-11D3-BF4B-00C04F79EFBC}") = "IOSAcelerometer", "IOSAccelerometer\IOSAcelerometer.csproj", "{CFDD3ABE-3094-446E-BE33-A7464550AEEB}"
EndProject
Global
	GlobalSection(SolutionConfigurationPlatforms) = preSolution
		Debug|iPhoneSimulator = Debug|iPhoneSimulator
		Release|iPhoneSimulator = Release|iPhoneSimulator
		Debug|iPhone = Debug|iPhone
		Release|iPhone = Release|iPhone
	EndGlobalSection
	GlobalSection(ProjectConfigurationPlatforms) = postSolution
		{CFDD3ABE-3094-446E-BE33-A7464550AEEB}.Debug|iPhone.ActiveCfg = Debug|iPhone
		{CFDD3ABE-3094-446E-BE33-A7464550AEEB}.Debug|iPhone.Build.0 = Debug|iPhone
		{CFDD3ABE-3094-446E-BE33-A7464550AEEB}.Debug|iPhoneSimulator.ActiveCfg = Debug|iPhoneSimulator
		{CFDD3ABE-3094-446E-BE33-A7464550AEEB}.Debug|iPhoneSimulator.Build.0 = Debug|iPhoneSimulator
		{CFDD3ABE-3094-446E-BE33-A7464550AEEB}.Release|iPhone.ActiveCfg = Release|iPhone
		{CFDD3ABE-3094-446E-BE33-A7464550AEEB}.Release|iPhone.Build.0 = Release|iPhone
		{CFDD3ABE-3094-446E-BE33-A7464550AEEB}.Release|iPhoneSimulator.ActiveCfg = Release|iPhoneSimulator
		{CFDD3ABE-3094-446E-BE33-A7464550AEEB}.Release|iPhoneSimulator.Build.0 = Release|iPhoneSimulator
	EndGlobalSection
	GlobalSection(MonoDevelopProperties) = preSolution
		StartupItem = IOSAccelerometer\IOSAcelerometer.csproj
	EndGlobalSection
EndGlobal
