
Microsoft Visual Studio Solution File, Format Version 11.00
# Visual Studio 2010
Project("{FAE04EC0-301F-11D3-BF4B-00C04F79EFBC}") = "IOSLocalizedStrings", "IOSLocalizedStrings\IOSLocalizedStrings.csproj", "{604C21F8-B78F-415E-8BE6-30585AE33BFD}"
EndProject
Global
	GlobalSection(SolutionConfigurationPlatforms) = preSolution
		Debug|iPhoneSimulator = Debug|iPhoneSimulator
		Release|iPhoneSimulator = Release|iPhoneSimulator
		Debug|iPhone = Debug|iPhone
		Release|iPhone = Release|iPhone
		Ad-Hoc|iPhone = Ad-Hoc|iPhone
		AppStore|iPhone = AppStore|iPhone
	EndGlobalSection
	GlobalSection(ProjectConfigurationPlatforms) = postSolution
		{604C21F8-B78F-415E-8BE6-30585AE33BFD}.Ad-Hoc|iPhone.ActiveCfg = Ad-Hoc|iPhone
		{604C21F8-B78F-415E-8BE6-30585AE33BFD}.Ad-Hoc|iPhone.Build.0 = Ad-Hoc|iPhone
		{604C21F8-B78F-415E-8BE6-30585AE33BFD}.AppStore|iPhone.ActiveCfg = AppStore|iPhone
		{604C21F8-B78F-415E-8BE6-30585AE33BFD}.AppStore|iPhone.Build.0 = AppStore|iPhone
		{604C21F8-B78F-415E-8BE6-30585AE33BFD}.Debug|iPhone.ActiveCfg = Debug|iPhone
		{604C21F8-B78F-415E-8BE6-30585AE33BFD}.Debug|iPhone.Build.0 = Debug|iPhone
		{604C21F8-B78F-415E-8BE6-30585AE33BFD}.Debug|iPhoneSimulator.ActiveCfg = Debug|iPhoneSimulator
		{604C21F8-B78F-415E-8BE6-30585AE33BFD}.Debug|iPhoneSimulator.Build.0 = Debug|iPhoneSimulator
		{604C21F8-B78F-415E-8BE6-30585AE33BFD}.Release|iPhone.ActiveCfg = Release|iPhone
		{604C21F8-B78F-415E-8BE6-30585AE33BFD}.Release|iPhone.Build.0 = Release|iPhone
		{604C21F8-B78F-415E-8BE6-30585AE33BFD}.Release|iPhoneSimulator.ActiveCfg = Release|iPhoneSimulator
		{604C21F8-B78F-415E-8BE6-30585AE33BFD}.Release|iPhoneSimulator.Build.0 = Release|iPhoneSimulator
	EndGlobalSection
	GlobalSection(MonoDevelopProperties) = preSolution
		StartupItem = IOSLocalizedStrings\IOSLocalizedStrings.csproj
	EndGlobalSection
EndGlobal
