
Microsoft Visual Studio Solution File, Format Version 11.00
# Visual Studio 2010
Project("{FAE04EC0-301F-11D3-BF4B-00C04F79EFBC}") = "AndroidStorage", "AndroidStorage\AndroidStorage.csproj", "{EAFFD0C6-0B2B-474D-B067-5BC512C75521}"
EndProject
Project("{FAE04EC0-301F-11D3-BF4B-00C04F79EFBC}") = "WP7Storage", "WP7Storage\WP7Storage\WP7Storage.csproj", "{AE7BE536-A886-498B-B70E-96E816E42689}"
EndProject
Project("{96E2B04D-8817-42C6-938A-82C39BA4D311}") = "WP7StorageContent", "WP7Storage\WP7StorageContent\WP7StorageContent.contentproj", "{2B72DF0F-5774-4EDC-8D64-DD74AA11BBCB}"
EndProject
Global
	GlobalSection(SolutionConfigurationPlatforms) = preSolution
		Debug|Any CPU = Debug|Any CPU
		Debug|Mixed Platforms = Debug|Mixed Platforms
		Debug|Windows Phone = Debug|Windows Phone
		Release|Any CPU = Release|Any CPU
		Release|Mixed Platforms = Release|Mixed Platforms
		Release|Windows Phone = Release|Windows Phone
	EndGlobalSection
	GlobalSection(ProjectConfigurationPlatforms) = postSolution
		{EAFFD0C6-0B2B-474D-B067-5BC512C75521}.Debug|Any CPU.ActiveCfg = Debug|Any CPU
		{EAFFD0C6-0B2B-474D-B067-5BC512C75521}.Debug|Any CPU.Build.0 = Debug|Any CPU
		{EAFFD0C6-0B2B-474D-B067-5BC512C75521}.Debug|Any CPU.Deploy.0 = Debug|Any CPU
		{EAFFD0C6-0B2B-474D-B067-5BC512C75521}.Debug|Mixed Platforms.ActiveCfg = Debug|Any CPU
		{EAFFD0C6-0B2B-474D-B067-5BC512C75521}.Debug|Mixed Platforms.Build.0 = Debug|Any CPU
		{EAFFD0C6-0B2B-474D-B067-5BC512C75521}.Debug|Mixed Platforms.Deploy.0 = Debug|Any CPU
		{EAFFD0C6-0B2B-474D-B067-5BC512C75521}.Debug|Windows Phone.ActiveCfg = Debug|Any CPU
		{EAFFD0C6-0B2B-474D-B067-5BC512C75521}.Release|Any CPU.ActiveCfg = Release|Any CPU
		{EAFFD0C6-0B2B-474D-B067-5BC512C75521}.Release|Any CPU.Build.0 = Release|Any CPU
		{EAFFD0C6-0B2B-474D-B067-5BC512C75521}.Release|Any CPU.Deploy.0 = Release|Any CPU
		{EAFFD0C6-0B2B-474D-B067-5BC512C75521}.Release|Mixed Platforms.ActiveCfg = Release|Any CPU
		{EAFFD0C6-0B2B-474D-B067-5BC512C75521}.Release|Mixed Platforms.Build.0 = Release|Any CPU
		{EAFFD0C6-0B2B-474D-B067-5BC512C75521}.Release|Mixed Platforms.Deploy.0 = Release|Any CPU
		{EAFFD0C6-0B2B-474D-B067-5BC512C75521}.Release|Windows Phone.ActiveCfg = Release|Any CPU
		{AE7BE536-A886-498B-B70E-96E816E42689}.Debug|Any CPU.ActiveCfg = Debug|Windows Phone
		{AE7BE536-A886-498B-B70E-96E816E42689}.Debug|Mixed Platforms.ActiveCfg = Debug|Windows Phone
		{AE7BE536-A886-498B-B70E-96E816E42689}.Debug|Mixed Platforms.Build.0 = Debug|Windows Phone
		{AE7BE536-A886-498B-B70E-96E816E42689}.Debug|Mixed Platforms.Deploy.0 = Debug|Windows Phone
		{AE7BE536-A886-498B-B70E-96E816E42689}.Debug|Windows Phone.ActiveCfg = Debug|Windows Phone
		{AE7BE536-A886-498B-B70E-96E816E42689}.Debug|Windows Phone.Build.0 = Debug|Windows Phone
		{AE7BE536-A886-498B-B70E-96E816E42689}.Debug|Windows Phone.Deploy.0 = Debug|Windows Phone
		{AE7BE536-A886-498B-B70E-96E816E42689}.Release|Any CPU.ActiveCfg = Release|Windows Phone
		{AE7BE536-A886-498B-B70E-96E816E42689}.Release|Mixed Platforms.ActiveCfg = Release|Windows Phone
		{AE7BE536-A886-498B-B70E-96E816E42689}.Release|Mixed Platforms.Build.0 = Release|Windows Phone
		{AE7BE536-A886-498B-B70E-96E816E42689}.Release|Mixed Platforms.Deploy.0 = Release|Windows Phone
		{AE7BE536-A886-498B-B70E-96E816E42689}.Release|Windows Phone.ActiveCfg = Release|Windows Phone
		{AE7BE536-A886-498B-B70E-96E816E42689}.Release|Windows Phone.Build.0 = Release|Windows Phone
		{AE7BE536-A886-498B-B70E-96E816E42689}.Release|Windows Phone.Deploy.0 = Release|Windows Phone
		{2B72DF0F-5774-4EDC-8D64-DD74AA11BBCB}.Debug|Any CPU.ActiveCfg = Debug|Windows Phone
		{2B72DF0F-5774-4EDC-8D64-DD74AA11BBCB}.Debug|Mixed Platforms.ActiveCfg = Debug|Windows Phone
		{2B72DF0F-5774-4EDC-8D64-DD74AA11BBCB}.Debug|Windows Phone.ActiveCfg = Debug|Windows Phone
		{2B72DF0F-5774-4EDC-8D64-DD74AA11BBCB}.Release|Any CPU.ActiveCfg = Release|Windows Phone
		{2B72DF0F-5774-4EDC-8D64-DD74AA11BBCB}.Release|Mixed Platforms.ActiveCfg = Release|Windows Phone
		{2B72DF0F-5774-4EDC-8D64-DD74AA11BBCB}.Release|Windows Phone.ActiveCfg = Release|Windows Phone
	EndGlobalSection
	GlobalSection(SolutionProperties) = preSolution
		HideSolutionNode = FALSE
	EndGlobalSection
EndGlobal
