
Microsoft Visual Studio Solution File, Format Version 11.00
# Visual Studio 2010
Project("{FAE04EC0-301F-11D3-BF4B-00C04F79EFBC}") = "StorageSample", "StorageSample\StorageSample\StorageSample.csproj", "{C16D6C8D-C0F3-4DEB-8B0E-85BD9B312BC6}"
EndProject
Project("{96E2B04D-8817-42C6-938A-82C39BA4D311}") = "StorageSampleContent", "StorageSample\StorageSampleContent\StorageSampleContent.contentproj", "{91DA49FA-0107-4B10-BD2B-FCE6F6022901}"
EndProject
Global
	GlobalSection(SolutionConfigurationPlatforms) = preSolution
		Debug|Windows Phone = Debug|Windows Phone
		Release|Windows Phone = Release|Windows Phone
	EndGlobalSection
	GlobalSection(ProjectConfigurationPlatforms) = postSolution
		{C16D6C8D-C0F3-4DEB-8B0E-85BD9B312BC6}.Debug|Windows Phone.ActiveCfg = Debug|Windows Phone
		{C16D6C8D-C0F3-4DEB-8B0E-85BD9B312BC6}.Debug|Windows Phone.Build.0 = Debug|Windows Phone
		{C16D6C8D-C0F3-4DEB-8B0E-85BD9B312BC6}.Debug|Windows Phone.Deploy.0 = Debug|Windows Phone
		{C16D6C8D-C0F3-4DEB-8B0E-85BD9B312BC6}.Release|Windows Phone.ActiveCfg = Release|Windows Phone
		{C16D6C8D-C0F3-4DEB-8B0E-85BD9B312BC6}.Release|Windows Phone.Build.0 = Release|Windows Phone
		{C16D6C8D-C0F3-4DEB-8B0E-85BD9B312BC6}.Release|Windows Phone.Deploy.0 = Release|Windows Phone
		{91DA49FA-0107-4B10-BD2B-FCE6F6022901}.Debug|Windows Phone.ActiveCfg = Debug|Windows Phone
		{91DA49FA-0107-4B10-BD2B-FCE6F6022901}.Release|Windows Phone.ActiveCfg = Release|Windows Phone
	EndGlobalSection
	GlobalSection(SolutionProperties) = preSolution
		HideSolutionNode = FALSE
	EndGlobalSection
EndGlobal
