
Microsoft Visual Studio Solution File, Format Version 11.00
# Visual Studio 2010
Project("{FAE04EC0-301F-11D3-BF4B-00C04F79EFBC}") = "TextAreaSample", "TextAreaSample\TextAreaSample\TextAreaSample.csproj", "{787010F0-81B7-493D-85F7-FC7530FD0073}"
EndProject
Project("{96E2B04D-8817-42C6-938A-82C39BA4D311}") = "TextAreaSampleContent", "TextAreaSample\TextAreaSampleContent\TextAreaSampleContent.contentproj", "{A28EEB75-44EB-4D92-BC71-1F38389762B7}"
EndProject
Global
	GlobalSection(SolutionConfigurationPlatforms) = preSolution
		Debug|Windows Phone = Debug|Windows Phone
		Release|Windows Phone = Release|Windows Phone
	EndGlobalSection
	GlobalSection(ProjectConfigurationPlatforms) = postSolution
		{787010F0-81B7-493D-85F7-FC7530FD0073}.Debug|Windows Phone.ActiveCfg = Debug|Windows Phone
		{787010F0-81B7-493D-85F7-FC7530FD0073}.Debug|Windows Phone.Build.0 = Debug|Windows Phone
		{787010F0-81B7-493D-85F7-FC7530FD0073}.Debug|Windows Phone.Deploy.0 = Debug|Windows Phone
		{787010F0-81B7-493D-85F7-FC7530FD0073}.Release|Windows Phone.ActiveCfg = Release|Windows Phone
		{787010F0-81B7-493D-85F7-FC7530FD0073}.Release|Windows Phone.Build.0 = Release|Windows Phone
		{787010F0-81B7-493D-85F7-FC7530FD0073}.Release|Windows Phone.Deploy.0 = Release|Windows Phone
		{A28EEB75-44EB-4D92-BC71-1F38389762B7}.Debug|Windows Phone.ActiveCfg = Debug|Windows Phone
		{A28EEB75-44EB-4D92-BC71-1F38389762B7}.Release|Windows Phone.ActiveCfg = Release|Windows Phone
	EndGlobalSection
	GlobalSection(SolutionProperties) = preSolution
		HideSolutionNode = FALSE
	EndGlobalSection
EndGlobal
