
Microsoft Visual Studio Solution File, Format Version 11.00
# Visual Studio 2010
Project("{FAE04EC0-301F-11D3-BF4B-00C04F79EFBC}") = "IOSChangeSplash", "IOSChangeSplash\IOSChangeSplash.csproj", "{C4EB33D8-B0FB-4CEA-95B9-A6E8A87D388A}"
EndProject
Global
	GlobalSection(SolutionConfigurationPlatforms) = preSolution
		Debug|iPhoneSimulator = Debug|iPhoneSimulator
		Release|iPhoneSimulator = Release|iPhoneSimulator
		Debug|iPhone = Debug|iPhone
		Release|iPhone = Release|iPhone
	EndGlobalSection
	GlobalSection(ProjectConfigurationPlatforms) = postSolution
		{C4EB33D8-B0FB-4CEA-95B9-A6E8A87D388A}.Debug|iPhone.ActiveCfg = Debug|iPhone
		{C4EB33D8-B0FB-4CEA-95B9-A6E8A87D388A}.Debug|iPhone.Build.0 = Debug|iPhone
		{C4EB33D8-B0FB-4CEA-95B9-A6E8A87D388A}.Debug|iPhoneSimulator.ActiveCfg = Debug|iPhoneSimulator
		{C4EB33D8-B0FB-4CEA-95B9-A6E8A87D388A}.Debug|iPhoneSimulator.Build.0 = Debug|iPhoneSimulator
		{C4EB33D8-B0FB-4CEA-95B9-A6E8A87D388A}.Release|iPhone.ActiveCfg = Release|iPhone
		{C4EB33D8-B0FB-4CEA-95B9-A6E8A87D388A}.Release|iPhone.Build.0 = Release|iPhone
		{C4EB33D8-B0FB-4CEA-95B9-A6E8A87D388A}.Release|iPhoneSimulator.ActiveCfg = Release|iPhoneSimulator
		{C4EB33D8-B0FB-4CEA-95B9-A6E8A87D388A}.Release|iPhoneSimulator.Build.0 = Release|iPhoneSimulator
	EndGlobalSection
	GlobalSection(MonoDevelopProperties) = preSolution
		StartupItem = IOSChangeSplash\IOSChangeSplash.csproj
	EndGlobalSection
EndGlobal
