
Microsoft Visual Studio Solution File, Format Version 11.00
# Visual Studio 2010
Project("{FAE04EC0-301F-11D3-BF4B-00C04F79EFBC}") = "Images", "Images\Images\Images.csproj", "{CF883A42-C286-4C13-8FD2-BD4472B81874}"
EndProject
Project("{96E2B04D-8817-42C6-938A-82C39BA4D311}") = "ImagesContent", "Images\ImagesContent\ImagesContent.contentproj", "{B2DE44D8-4DC3-4FF2-87E7-DC730443E8E7}"
EndProject
Global
	GlobalSection(SolutionConfigurationPlatforms) = preSolution
		Debug|Windows Phone = Debug|Windows Phone
		Release|Windows Phone = Release|Windows Phone
	EndGlobalSection
	GlobalSection(ProjectConfigurationPlatforms) = postSolution
		{CF883A42-C286-4C13-8FD2-BD4472B81874}.Debug|Windows Phone.ActiveCfg = Debug|Windows Phone
		{CF883A42-C286-4C13-8FD2-BD4472B81874}.Debug|Windows Phone.Build.0 = Debug|Windows Phone
		{CF883A42-C286-4C13-8FD2-BD4472B81874}.Debug|Windows Phone.Deploy.0 = Debug|Windows Phone
		{CF883A42-C286-4C13-8FD2-BD4472B81874}.Release|Windows Phone.ActiveCfg = Release|Windows Phone
		{CF883A42-C286-4C13-8FD2-BD4472B81874}.Release|Windows Phone.Build.0 = Release|Windows Phone
		{CF883A42-C286-4C13-8FD2-BD4472B81874}.Release|Windows Phone.Deploy.0 = Release|Windows Phone
		{B2DE44D8-4DC3-4FF2-87E7-DC730443E8E7}.Debug|Windows Phone.ActiveCfg = Debug|Windows Phone
		{B2DE44D8-4DC3-4FF2-87E7-DC730443E8E7}.Release|Windows Phone.ActiveCfg = Release|Windows Phone
	EndGlobalSection
	GlobalSection(SolutionProperties) = preSolution
		HideSolutionNode = FALSE
	EndGlobalSection
EndGlobal
