
Microsoft Visual Studio Solution File, Format Version 11.00
# Visual Studio 2010
Project("{FAE04EC0-301F-11D3-BF4B-00C04F79EFBC}") = "IOSButtons", "IOSButtons.csproj", "{DE372E24-AEFC-4686-8969-0537C8756B3C}"
EndProject
Global
	GlobalSection(SolutionConfigurationPlatforms) = preSolution
		Debug|iPhoneSimulator = Debug|iPhoneSimulator
		Release|iPhoneSimulator = Release|iPhoneSimulator
		Debug|iPhone = Debug|iPhone
		Release|iPhone = Release|iPhone
	EndGlobalSection
	GlobalSection(ProjectConfigurationPlatforms) = postSolution
		{DE372E24-AEFC-4686-8969-0537C8756B3C}.Debug|iPhone.ActiveCfg = Debug|iPhone
		{DE372E24-AEFC-4686-8969-0537C8756B3C}.Debug|iPhone.Build.0 = Debug|iPhone
		{DE372E24-AEFC-4686-8969-0537C8756B3C}.Debug|iPhoneSimulator.ActiveCfg = Debug|iPhoneSimulator
		{DE372E24-AEFC-4686-8969-0537C8756B3C}.Debug|iPhoneSimulator.Build.0 = Debug|iPhoneSimulator
		{DE372E24-AEFC-4686-8969-0537C8756B3C}.Release|iPhone.ActiveCfg = Release|iPhone
		{DE372E24-AEFC-4686-8969-0537C8756B3C}.Release|iPhone.Build.0 = Release|iPhone
		{DE372E24-AEFC-4686-8969-0537C8756B3C}.Release|iPhoneSimulator.ActiveCfg = Release|iPhoneSimulator
		{DE372E24-AEFC-4686-8969-0537C8756B3C}.Release|iPhoneSimulator.Build.0 = Release|iPhoneSimulator
	EndGlobalSection
	GlobalSection(MonoDevelopProperties) = preSolution
		StartupItem = IOSButtons.csproj
	EndGlobalSection
EndGlobal
