
Microsoft Visual Studio Solution File, Format Version 11.00
# Visual Studio 2010
Project("{FAE04EC0-301F-11D3-BF4B-00C04F79EFBC}") = "WP7ZBuffering", "WP7ZBuffering\WP7ZBuffering.csproj", "{965FE932-CD3A-4E31-877B-332E23F86228}"
EndProject
Project("{FAE04EC0-301F-11D3-BF4B-00C04F79EFBC}") = "WP7ZBufferingContent", "WP7ZBufferingContent\WP7ZBufferingContent.contentproj", "{28C3589F-F89A-4085-BA6D-B60C940B80BD}"
EndProject
Global
	GlobalSection(SolutionConfigurationPlatforms) = preSolution
		Debug|Windows Phone = Debug|Windows Phone
		Release|Windows Phone = Release|Windows Phone
	EndGlobalSection
	GlobalSection(ProjectConfigurationPlatforms) = postSolution
		{965FE932-CD3A-4E31-877B-332E23F86228}.Debug|Windows Phone.ActiveCfg = Debug|Windows Phone
		{965FE932-CD3A-4E31-877B-332E23F86228}.Debug|Windows Phone.Build.0 = Debug|Windows Phone
		{965FE932-CD3A-4E31-877B-332E23F86228}.Debug|Windows Phone.Deploy.0 = Debug|Windows Phone
		{965FE932-CD3A-4E31-877B-332E23F86228}.Release|Windows Phone.ActiveCfg = Release|Windows Phone
		{965FE932-CD3A-4E31-877B-332E23F86228}.Release|Windows Phone.Build.0 = Release|Windows Phone
		{965FE932-CD3A-4E31-877B-332E23F86228}.Release|Windows Phone.Deploy.0 = Release|Windows Phone
		{28C3589F-F89A-4085-BA6D-B60C940B80BD}.Debug|Windows Phone.ActiveCfg = Debug|Windows Phone
		{28C3589F-F89A-4085-BA6D-B60C940B80BD}.Release|Windows Phone.ActiveCfg = Release|Windows Phone
	EndGlobalSection
	GlobalSection(SolutionProperties) = preSolution
		HideSolutionNode = FALSE
	EndGlobalSection
EndGlobal
