
Microsoft Visual Studio Solution File, Format Version 11.00
# Visual Studio 2010
Project("{FAE04EC0-301F-11D3-BF4B-00C04F79EFBC}") = "WP7CoordLayout", "WP7CoordLayout\WP7CoordLayout.csproj", "{2F777B7C-101B-4C82-AD10-CCF304800C99}"
EndProject
Project("{FAE04EC0-301F-11D3-BF4B-00C04F79EFBC}") = "WP7CoordLayoutContent", "WP7CoordLayoutContent\WP7CoordLayoutContent.contentproj", "{547CCDBE-A13D-4168-8B75-A4C561E722A8}"
EndProject
Global
	GlobalSection(SolutionConfigurationPlatforms) = preSolution
		Debug|Windows Phone = Debug|Windows Phone
		Release|Windows Phone = Release|Windows Phone
	EndGlobalSection
	GlobalSection(ProjectConfigurationPlatforms) = postSolution
		{2F777B7C-101B-4C82-AD10-CCF304800C99}.Debug|Windows Phone.ActiveCfg = Debug|Windows Phone
		{2F777B7C-101B-4C82-AD10-CCF304800C99}.Debug|Windows Phone.Build.0 = Debug|Windows Phone
		{2F777B7C-101B-4C82-AD10-CCF304800C99}.Debug|Windows Phone.Deploy.0 = Debug|Windows Phone
		{2F777B7C-101B-4C82-AD10-CCF304800C99}.Release|Windows Phone.ActiveCfg = Release|Windows Phone
		{2F777B7C-101B-4C82-AD10-CCF304800C99}.Release|Windows Phone.Build.0 = Release|Windows Phone
		{2F777B7C-101B-4C82-AD10-CCF304800C99}.Release|Windows Phone.Deploy.0 = Release|Windows Phone
		{547CCDBE-A13D-4168-8B75-A4C561E722A8}.Debug|Windows Phone.ActiveCfg = Debug|Windows Phone
		{547CCDBE-A13D-4168-8B75-A4C561E722A8}.Release|Windows Phone.ActiveCfg = Release|Windows Phone
	EndGlobalSection
	GlobalSection(SolutionProperties) = preSolution
		HideSolutionNode = FALSE
	EndGlobalSection
EndGlobal
