
Microsoft Visual Studio Solution File, Format Version 11.00
# Visual Studio 2010
Project("{FAE04EC0-301F-11D3-BF4B-00C04F79EFBC}") = "IOSSounds", "IOSSounds\IOSSounds.csproj", "{03E14BE5-C453-4EC0-BE59-F02090DB6676}"
EndProject
Global
	GlobalSection(SolutionConfigurationPlatforms) = preSolution
		Debug|iPhoneSimulator = Debug|iPhoneSimulator
		Release|iPhoneSimulator = Release|iPhoneSimulator
		Debug|iPhone = Debug|iPhone
		Release|iPhone = Release|iPhone
	EndGlobalSection
	GlobalSection(ProjectConfigurationPlatforms) = postSolution
		{03E14BE5-C453-4EC0-BE59-F02090DB6676}.Debug|iPhone.ActiveCfg = Debug|iPhone
		{03E14BE5-C453-4EC0-BE59-F02090DB6676}.Debug|iPhone.Build.0 = Debug|iPhone
		{03E14BE5-C453-4EC0-BE59-F02090DB6676}.Debug|iPhoneSimulator.ActiveCfg = Debug|iPhoneSimulator
		{03E14BE5-C453-4EC0-BE59-F02090DB6676}.Debug|iPhoneSimulator.Build.0 = Debug|iPhoneSimulator
		{03E14BE5-C453-4EC0-BE59-F02090DB6676}.Release|iPhone.ActiveCfg = Release|iPhone
		{03E14BE5-C453-4EC0-BE59-F02090DB6676}.Release|iPhone.Build.0 = Release|iPhone
		{03E14BE5-C453-4EC0-BE59-F02090DB6676}.Release|iPhoneSimulator.ActiveCfg = Release|iPhoneSimulator
		{03E14BE5-C453-4EC0-BE59-F02090DB6676}.Release|iPhoneSimulator.Build.0 = Release|iPhoneSimulator
	EndGlobalSection
	GlobalSection(MonoDevelopProperties) = preSolution
		StartupItem = IOSSounds\IOSSounds.csproj
	EndGlobalSection
EndGlobal
