
Microsoft Visual Studio Solution File, Format Version 11.00
# Visual Studio 2010
Project("{FAE04EC0-301F-11D3-BF4B-00C04F79EFBC}") = "AndroidAdfonic", "AndroidAdfonic\AndroidAdfonic.csproj", "{5B7EC8FC-D978-4E07-AA4D-DE1EC56AAEC5}"
EndProject
Global
	GlobalSection(SolutionConfigurationPlatforms) = preSolution
		Debug|Any CPU = Debug|Any CPU
		Release|Any CPU = Release|Any CPU
	EndGlobalSection
	GlobalSection(ProjectConfigurationPlatforms) = postSolution
		{5B7EC8FC-D978-4E07-AA4D-DE1EC56AAEC5}.Debug|Any CPU.ActiveCfg = Debug|Any CPU
		{5B7EC8FC-D978-4E07-AA4D-DE1EC56AAEC5}.Debug|Any CPU.Build.0 = Debug|Any CPU
		{5B7EC8FC-D978-4E07-AA4D-DE1EC56AAEC5}.Debug|Any CPU.Deploy.0 = Debug|Any CPU
		{5B7EC8FC-D978-4E07-AA4D-DE1EC56AAEC5}.Release|Any CPU.ActiveCfg = Release|Any CPU
		{5B7EC8FC-D978-4E07-AA4D-DE1EC56AAEC5}.Release|Any CPU.Build.0 = Release|Any CPU
		{5B7EC8FC-D978-4E07-AA4D-DE1EC56AAEC5}.Release|Any CPU.Deploy.0 = Release|Any CPU
	EndGlobalSection
	GlobalSection(SolutionProperties) = preSolution
		HideSolutionNode = FALSE
	EndGlobalSection
EndGlobal
