
Microsoft Visual Studio Solution File, Format Version 11.00
# Visual Studio 2010
Project("{FAE04EC0-301F-11D3-BF4B-00C04F79EFBC}") = "WP7Images", "WP7Images\WP7Images.csproj", "{15E9091E-5F94-47C3-8F6E-F668673158A6}"
EndProject
Project("{FAE04EC0-301F-11D3-BF4B-00C04F79EFBC}") = "WP7ImagesContent", "WP7ImagesContent\WP7ImagesContent.contentproj", "{FC3EFC86-F52E-4EAB-A9EA-277F28AC84E4}"
EndProject
Global
	GlobalSection(SolutionConfigurationPlatforms) = preSolution
		Debug|Windows Phone = Debug|Windows Phone
		Release|Windows Phone = Release|Windows Phone
	EndGlobalSection
	GlobalSection(ProjectConfigurationPlatforms) = postSolution
		{15E9091E-5F94-47C3-8F6E-F668673158A6}.Debug|Windows Phone.ActiveCfg = Debug|Windows Phone
		{15E9091E-5F94-47C3-8F6E-F668673158A6}.Debug|Windows Phone.Build.0 = Debug|Windows Phone
		{15E9091E-5F94-47C3-8F6E-F668673158A6}.Debug|Windows Phone.Deploy.0 = Debug|Windows Phone
		{15E9091E-5F94-47C3-8F6E-F668673158A6}.Release|Windows Phone.ActiveCfg = Release|Windows Phone
		{15E9091E-5F94-47C3-8F6E-F668673158A6}.Release|Windows Phone.Build.0 = Release|Windows Phone
		{15E9091E-5F94-47C3-8F6E-F668673158A6}.Release|Windows Phone.Deploy.0 = Release|Windows Phone
		{FC3EFC86-F52E-4EAB-A9EA-277F28AC84E4}.Debug|Windows Phone.ActiveCfg = Debug|Windows Phone
		{FC3EFC86-F52E-4EAB-A9EA-277F28AC84E4}.Release|Windows Phone.ActiveCfg = Release|Windows Phone
	EndGlobalSection
	GlobalSection(SolutionProperties) = preSolution
		HideSolutionNode = FALSE
	EndGlobalSection
EndGlobal
