
Microsoft Visual Studio Solution File, Format Version 11.00
# Visual Studio 2010
Project("{FAE04EC0-301F-11D3-BF4B-00C04F79EFBC}") = "ParticlesSample", "ParticlesSample\ParticlesSample\ParticlesSample.csproj", "{5934794F-EC72-47A6-93B3-2CE9D7245FC9}"
EndProject
Project("{96E2B04D-8817-42C6-938A-82C39BA4D311}") = "ParticlesSampleContent", "ParticlesSample\ParticlesSampleContent\ParticlesSampleContent.contentproj", "{D56FAFE5-E479-44E1-92A8-C3CA5E5394CF}"
EndProject
Global
	GlobalSection(SolutionConfigurationPlatforms) = preSolution
		Debug|Windows Phone = Debug|Windows Phone
		Release|Windows Phone = Release|Windows Phone
	EndGlobalSection
	GlobalSection(ProjectConfigurationPlatforms) = postSolution
		{5934794F-EC72-47A6-93B3-2CE9D7245FC9}.Debug|Windows Phone.ActiveCfg = Debug|Windows Phone
		{5934794F-EC72-47A6-93B3-2CE9D7245FC9}.Debug|Windows Phone.Build.0 = Debug|Windows Phone
		{5934794F-EC72-47A6-93B3-2CE9D7245FC9}.Debug|Windows Phone.Deploy.0 = Debug|Windows Phone
		{5934794F-EC72-47A6-93B3-2CE9D7245FC9}.Release|Windows Phone.ActiveCfg = Release|Windows Phone
		{5934794F-EC72-47A6-93B3-2CE9D7245FC9}.Release|Windows Phone.Build.0 = Release|Windows Phone
		{5934794F-EC72-47A6-93B3-2CE9D7245FC9}.Release|Windows Phone.Deploy.0 = Release|Windows Phone
		{D56FAFE5-E479-44E1-92A8-C3CA5E5394CF}.Debug|Windows Phone.ActiveCfg = Debug|Windows Phone
		{D56FAFE5-E479-44E1-92A8-C3CA5E5394CF}.Release|Windows Phone.ActiveCfg = Release|Windows Phone
	EndGlobalSection
	GlobalSection(SolutionProperties) = preSolution
		HideSolutionNode = FALSE
	EndGlobalSection
EndGlobal
