
Microsoft Visual Studio Solution File, Format Version 11.00
# Visual Studio 2010
Project("{FAE04EC0-301F-11D3-BF4B-00C04F79EFBC}") = "IOSGridLayout", "IOSContainers\IOSGridLayout.csproj", "{9AD6AF1F-7E28-4EC6-AC3D-68DAB4D9E810}"
EndProject
Global
	GlobalSection(SolutionConfigurationPlatforms) = preSolution
		Debug|iPhoneSimulator = Debug|iPhoneSimulator
		Release|iPhoneSimulator = Release|iPhoneSimulator
		Debug|iPhone = Debug|iPhone
		Release|iPhone = Release|iPhone
	EndGlobalSection
	GlobalSection(ProjectConfigurationPlatforms) = postSolution
		{9AD6AF1F-7E28-4EC6-AC3D-68DAB4D9E810}.Debug|iPhone.ActiveCfg = Debug|iPhone
		{9AD6AF1F-7E28-4EC6-AC3D-68DAB4D9E810}.Debug|iPhone.Build.0 = Debug|iPhone
		{9AD6AF1F-7E28-4EC6-AC3D-68DAB4D9E810}.Debug|iPhoneSimulator.ActiveCfg = Debug|iPhoneSimulator
		{9AD6AF1F-7E28-4EC6-AC3D-68DAB4D9E810}.Debug|iPhoneSimulator.Build.0 = Debug|iPhoneSimulator
		{9AD6AF1F-7E28-4EC6-AC3D-68DAB4D9E810}.Release|iPhone.ActiveCfg = Release|iPhone
		{9AD6AF1F-7E28-4EC6-AC3D-68DAB4D9E810}.Release|iPhone.Build.0 = Release|iPhone
		{9AD6AF1F-7E28-4EC6-AC3D-68DAB4D9E810}.Release|iPhoneSimulator.ActiveCfg = Release|iPhoneSimulator
		{9AD6AF1F-7E28-4EC6-AC3D-68DAB4D9E810}.Release|iPhoneSimulator.Build.0 = Release|iPhoneSimulator
	EndGlobalSection
	GlobalSection(MonoDevelopProperties) = preSolution
		StartupItem = IOSContainers\IOSGridLayout.csproj
	EndGlobalSection
EndGlobal
