
Microsoft Visual Studio Solution File, Format Version 11.00
# Visual Studio 2010
Project("{FAE04EC0-301F-11D3-BF4B-00C04F79EFBC}") = "IOSStorage", "IOSStorage\IOSStorage.csproj", "{A20E1600-D67B-4EB1-9AA4-DC7BBE628898}"
EndProject
Global
	GlobalSection(SolutionConfigurationPlatforms) = preSolution
		Debug|iPhoneSimulator = Debug|iPhoneSimulator
		Release|iPhoneSimulator = Release|iPhoneSimulator
		Debug|iPhone = Debug|iPhone
		Release|iPhone = Release|iPhone
	EndGlobalSection
	GlobalSection(ProjectConfigurationPlatforms) = postSolution
		{A20E1600-D67B-4EB1-9AA4-DC7BBE628898}.Debug|iPhone.ActiveCfg = Debug|iPhone
		{A20E1600-D67B-4EB1-9AA4-DC7BBE628898}.Debug|iPhone.Build.0 = Debug|iPhone
		{A20E1600-D67B-4EB1-9AA4-DC7BBE628898}.Debug|iPhoneSimulator.ActiveCfg = Debug|iPhoneSimulator
		{A20E1600-D67B-4EB1-9AA4-DC7BBE628898}.Debug|iPhoneSimulator.Build.0 = Debug|iPhoneSimulator
		{A20E1600-D67B-4EB1-9AA4-DC7BBE628898}.Release|iPhone.ActiveCfg = Release|iPhone
		{A20E1600-D67B-4EB1-9AA4-DC7BBE628898}.Release|iPhone.Build.0 = Release|iPhone
		{A20E1600-D67B-4EB1-9AA4-DC7BBE628898}.Release|iPhoneSimulator.ActiveCfg = Release|iPhoneSimulator
		{A20E1600-D67B-4EB1-9AA4-DC7BBE628898}.Release|iPhoneSimulator.Build.0 = Release|iPhoneSimulator
	EndGlobalSection
	GlobalSection(MonoDevelopProperties) = preSolution
		StartupItem = IOSStorage\IOSStorage.csproj
	EndGlobalSection
EndGlobal
