
Microsoft Visual Studio Solution File, Format Version 11.00
# Visual Studio 2010
Project("{FAE04EC0-301F-11D3-BF4B-00C04F79EFBC}") = "IOSFlowLayout", "IOSFlowLayout\IOSFlowLayout.csproj", "{731EE844-6967-418E-A357-2C9BCE8A619F}"
EndProject
Global
	GlobalSection(SolutionConfigurationPlatforms) = preSolution
		Debug|iPhoneSimulator = Debug|iPhoneSimulator
		Release|iPhoneSimulator = Release|iPhoneSimulator
		Debug|iPhone = Debug|iPhone
		Release|iPhone = Release|iPhone
	EndGlobalSection
	GlobalSection(ProjectConfigurationPlatforms) = postSolution
		{731EE844-6967-418E-A357-2C9BCE8A619F}.Debug|iPhone.ActiveCfg = Debug|iPhone
		{731EE844-6967-418E-A357-2C9BCE8A619F}.Debug|iPhone.Build.0 = Debug|iPhone
		{731EE844-6967-418E-A357-2C9BCE8A619F}.Debug|iPhoneSimulator.ActiveCfg = Debug|iPhoneSimulator
		{731EE844-6967-418E-A357-2C9BCE8A619F}.Debug|iPhoneSimulator.Build.0 = Debug|iPhoneSimulator
		{731EE844-6967-418E-A357-2C9BCE8A619F}.Release|iPhone.ActiveCfg = Release|iPhone
		{731EE844-6967-418E-A357-2C9BCE8A619F}.Release|iPhone.Build.0 = Release|iPhone
		{731EE844-6967-418E-A357-2C9BCE8A619F}.Release|iPhoneSimulator.ActiveCfg = Release|iPhoneSimulator
		{731EE844-6967-418E-A357-2C9BCE8A619F}.Release|iPhoneSimulator.Build.0 = Release|iPhoneSimulator
	EndGlobalSection
	GlobalSection(MonoDevelopProperties) = preSolution
		StartupItem = IOSFlowLayout\IOSFlowLayout.csproj
	EndGlobalSection
EndGlobal
