
Microsoft Visual Studio Solution File, Format Version 11.00
# Visual Studio 2010
Project("{FAE04EC0-301F-11D3-BF4B-00C04F79EFBC}") = "WP7Storage", "WP7Storage\WP7Storage.csproj", "{AE7BE536-A886-498B-B70E-96E816E42689}"
EndProject
Project("{FAE04EC0-301F-11D3-BF4B-00C04F79EFBC}") = "WP7StorageContent", "WP7StorageContent\WP7StorageContent.contentproj", "{2B72DF0F-5774-4EDC-8D64-DD74AA11BBCB}"
EndProject
Global
	GlobalSection(SolutionConfigurationPlatforms) = preSolution
		Debug|Windows Phone = Debug|Windows Phone
		Release|Windows Phone = Release|Windows Phone
	EndGlobalSection
	GlobalSection(ProjectConfigurationPlatforms) = postSolution
		{AE7BE536-A886-498B-B70E-96E816E42689}.Debug|Windows Phone.ActiveCfg = Debug|Windows Phone
		{AE7BE536-A886-498B-B70E-96E816E42689}.Debug|Windows Phone.Build.0 = Debug|Windows Phone
		{AE7BE536-A886-498B-B70E-96E816E42689}.Debug|Windows Phone.Deploy.0 = Debug|Windows Phone
		{AE7BE536-A886-498B-B70E-96E816E42689}.Release|Windows Phone.ActiveCfg = Release|Windows Phone
		{AE7BE536-A886-498B-B70E-96E816E42689}.Release|Windows Phone.Build.0 = Release|Windows Phone
		{AE7BE536-A886-498B-B70E-96E816E42689}.Release|Windows Phone.Deploy.0 = Release|Windows Phone
		{2B72DF0F-5774-4EDC-8D64-DD74AA11BBCB}.Debug|Windows Phone.ActiveCfg = Debug|Windows Phone
		{2B72DF0F-5774-4EDC-8D64-DD74AA11BBCB}.Release|Windows Phone.ActiveCfg = Release|Windows Phone
	EndGlobalSection
	GlobalSection(SolutionProperties) = preSolution
		HideSolutionNode = FALSE
	EndGlobalSection
EndGlobal
