
Microsoft Visual Studio Solution File, Format Version 11.00
# Visual Studio 2010
Project("{FAE04EC0-301F-11D3-BF4B-00C04F79EFBC}") = "AndroidAlignment", "AndroidAlignment\AndroidAlignment.csproj", "{628B1526-DE79-4090-9B9F-2D528BD7F3CE}"
EndProject
Global
	GlobalSection(SolutionConfigurationPlatforms) = preSolution
		Debug|Any CPU = Debug|Any CPU
		Release|Any CPU = Release|Any CPU
	EndGlobalSection
	GlobalSection(ProjectConfigurationPlatforms) = postSolution
		{628B1526-DE79-4090-9B9F-2D528BD7F3CE}.Debug|Any CPU.ActiveCfg = Debug|Any CPU
		{628B1526-DE79-4090-9B9F-2D528BD7F3CE}.Debug|Any CPU.Build.0 = Debug|Any CPU
		{628B1526-DE79-4090-9B9F-2D528BD7F3CE}.Debug|Any CPU.Deploy.0 = Debug|Any CPU
		{628B1526-DE79-4090-9B9F-2D528BD7F3CE}.Release|Any CPU.ActiveCfg = Release|Any CPU
		{628B1526-DE79-4090-9B9F-2D528BD7F3CE}.Release|Any CPU.Build.0 = Release|Any CPU
		{628B1526-DE79-4090-9B9F-2D528BD7F3CE}.Release|Any CPU.Deploy.0 = Release|Any CPU
	EndGlobalSection
	GlobalSection(SolutionProperties) = preSolution
		HideSolutionNode = FALSE
	EndGlobalSection
EndGlobal
