
Microsoft Visual Studio Solution File, Format Version 11.00
# Visual Studio 2010
Project("{FAE04EC0-301F-11D3-BF4B-00C04F79EFBC}") = "IOSViewportManager", "IOSViewportManager\IOSViewportManager.csproj", "{DC51F896-4EDB-4FD6-A412-CB6EBDA09007}"
EndProject
Global
	GlobalSection(SolutionConfigurationPlatforms) = preSolution
		Debug|iPhoneSimulator = Debug|iPhoneSimulator
		Release|iPhoneSimulator = Release|iPhoneSimulator
		Debug|iPhone = Debug|iPhone
		Release|iPhone = Release|iPhone
	EndGlobalSection
	GlobalSection(ProjectConfigurationPlatforms) = postSolution
		{DC51F896-4EDB-4FD6-A412-CB6EBDA09007}.Debug|iPhone.ActiveCfg = Debug|iPhone
		{DC51F896-4EDB-4FD6-A412-CB6EBDA09007}.Debug|iPhone.Build.0 = Debug|iPhone
		{DC51F896-4EDB-4FD6-A412-CB6EBDA09007}.Debug|iPhoneSimulator.ActiveCfg = Debug|iPhoneSimulator
		{DC51F896-4EDB-4FD6-A412-CB6EBDA09007}.Debug|iPhoneSimulator.Build.0 = Debug|iPhoneSimulator
		{DC51F896-4EDB-4FD6-A412-CB6EBDA09007}.Release|iPhone.ActiveCfg = Release|iPhone
		{DC51F896-4EDB-4FD6-A412-CB6EBDA09007}.Release|iPhone.Build.0 = Release|iPhone
		{DC51F896-4EDB-4FD6-A412-CB6EBDA09007}.Release|iPhoneSimulator.ActiveCfg = Release|iPhoneSimulator
		{DC51F896-4EDB-4FD6-A412-CB6EBDA09007}.Release|iPhoneSimulator.Build.0 = Release|iPhoneSimulator
	EndGlobalSection
	GlobalSection(MonoDevelopProperties) = preSolution
		StartupItem = IOSViewportManager\IOSViewportManager.csproj
	EndGlobalSection
EndGlobal
