
Microsoft Visual Studio Solution File, Format Version 11.00
# Visual Studio 2010
Project("{FAE04EC0-301F-11D3-BF4B-00C04F79EFBC}") = "IOSListBox", "IOSListBox\IOSListBox.csproj", "{106C10ED-0A67-45BC-90F3-D5C6385FAF30}"
EndProject
Global
	GlobalSection(SolutionConfigurationPlatforms) = preSolution
		Debug|iPhoneSimulator = Debug|iPhoneSimulator
		Release|iPhoneSimulator = Release|iPhoneSimulator
		Debug|iPhone = Debug|iPhone
		Release|iPhone = Release|iPhone
	EndGlobalSection
	GlobalSection(ProjectConfigurationPlatforms) = postSolution
		{106C10ED-0A67-45BC-90F3-D5C6385FAF30}.Debug|iPhone.ActiveCfg = Debug|iPhone
		{106C10ED-0A67-45BC-90F3-D5C6385FAF30}.Debug|iPhone.Build.0 = Debug|iPhone
		{106C10ED-0A67-45BC-90F3-D5C6385FAF30}.Debug|iPhoneSimulator.ActiveCfg = Debug|iPhoneSimulator
		{106C10ED-0A67-45BC-90F3-D5C6385FAF30}.Debug|iPhoneSimulator.Build.0 = Debug|iPhoneSimulator
		{106C10ED-0A67-45BC-90F3-D5C6385FAF30}.Release|iPhone.ActiveCfg = Release|iPhone
		{106C10ED-0A67-45BC-90F3-D5C6385FAF30}.Release|iPhone.Build.0 = Release|iPhone
		{106C10ED-0A67-45BC-90F3-D5C6385FAF30}.Release|iPhoneSimulator.ActiveCfg = Release|iPhoneSimulator
		{106C10ED-0A67-45BC-90F3-D5C6385FAF30}.Release|iPhoneSimulator.Build.0 = Release|iPhoneSimulator
	EndGlobalSection
	GlobalSection(MonoDevelopProperties) = preSolution
		StartupItem = IOSListBox\IOSListBox.csproj
	EndGlobalSection
EndGlobal
