
Microsoft Visual Studio Solution File, Format Version 11.00
# Visual Studio 2010
Project("{FAE04EC0-301F-11D3-BF4B-00C04F79EFBC}") = "WP7Orientation", "WP7Orientation\WP7Orientation.csproj", "{A089168B-1499-48B3-BB49-D0E3BEAB589D}"
EndProject
Project("{96E2B04D-8817-42C6-938A-82C39BA4D311}") = "WP7OrientationContent", "WP7OrientationContent\WP7OrientationContent.contentproj", "{93BD937B-2C21-43CE-9A30-1C713DB8D70F}"
EndProject
Global
	GlobalSection(SolutionConfigurationPlatforms) = preSolution
		Debug|Windows Phone = Debug|Windows Phone
		Release|Windows Phone = Release|Windows Phone
	EndGlobalSection
	GlobalSection(ProjectConfigurationPlatforms) = postSolution
		{A089168B-1499-48B3-BB49-D0E3BEAB589D}.Debug|Windows Phone.ActiveCfg = Debug|Windows Phone
		{A089168B-1499-48B3-BB49-D0E3BEAB589D}.Debug|Windows Phone.Build.0 = Debug|Windows Phone
		{A089168B-1499-48B3-BB49-D0E3BEAB589D}.Debug|Windows Phone.Deploy.0 = Debug|Windows Phone
		{A089168B-1499-48B3-BB49-D0E3BEAB589D}.Release|Windows Phone.ActiveCfg = Release|Windows Phone
		{A089168B-1499-48B3-BB49-D0E3BEAB589D}.Release|Windows Phone.Build.0 = Release|Windows Phone
		{A089168B-1499-48B3-BB49-D0E3BEAB589D}.Release|Windows Phone.Deploy.0 = Release|Windows Phone
		{93BD937B-2C21-43CE-9A30-1C713DB8D70F}.Debug|Windows Phone.ActiveCfg = Debug|Windows Phone
		{93BD937B-2C21-43CE-9A30-1C713DB8D70F}.Release|Windows Phone.ActiveCfg = Release|Windows Phone
	EndGlobalSection
	GlobalSection(SolutionProperties) = preSolution
		HideSolutionNode = FALSE
	EndGlobalSection
EndGlobal
