
Microsoft Visual Studio Solution File, Format Version 11.00
# Visual Studio 2010
Project("{FAE04EC0-301F-11D3-BF4B-00C04F79EFBC}") = "WP7ToPivotContent", "WP7ToPivotContent\WP7ToPivotContent.contentproj", "{A0910142-72C5-412A-8C58-9EF162C261E1}"
EndProject
Project("{FAE04EC0-301F-11D3-BF4B-00C04F79EFBC}") = "WP7ToPivot", "WP7ToPivot\WP7ToPivot.csproj", "{BABBCC0B-453F-45BD-B4B4-F1EE0BC2B27A}"
EndProject
Global
	GlobalSection(SolutionConfigurationPlatforms) = preSolution
		Debug|Windows Phone = Debug|Windows Phone
		Release|Windows Phone = Release|Windows Phone
	EndGlobalSection
	GlobalSection(ProjectConfigurationPlatforms) = postSolution
		{A0910142-72C5-412A-8C58-9EF162C261E1}.Debug|Windows Phone.ActiveCfg = Debug|Windows Phone
		{A0910142-72C5-412A-8C58-9EF162C261E1}.Release|Windows Phone.ActiveCfg = Release|Windows Phone
		{BABBCC0B-453F-45BD-B4B4-F1EE0BC2B27A}.Debug|Windows Phone.ActiveCfg = Debug|Windows Phone
		{BABBCC0B-453F-45BD-B4B4-F1EE0BC2B27A}.Debug|Windows Phone.Build.0 = Debug|Windows Phone
		{BABBCC0B-453F-45BD-B4B4-F1EE0BC2B27A}.Debug|Windows Phone.Deploy.0 = Debug|Windows Phone
		{BABBCC0B-453F-45BD-B4B4-F1EE0BC2B27A}.Release|Windows Phone.ActiveCfg = Release|Windows Phone
		{BABBCC0B-453F-45BD-B4B4-F1EE0BC2B27A}.Release|Windows Phone.Build.0 = Release|Windows Phone
		{BABBCC0B-453F-45BD-B4B4-F1EE0BC2B27A}.Release|Windows Phone.Deploy.0 = Release|Windows Phone
	EndGlobalSection
	GlobalSection(SolutionProperties) = preSolution
		HideSolutionNode = FALSE
	EndGlobalSection
EndGlobal
