
Microsoft Visual Studio Solution File, Format Version 11.00
# Visual Studio 2010
Project("{FAE04EC0-301F-11D3-BF4B-00C04F79EFBC}") = "IOSProgressBar", "IOSProgressBar\IOSProgressBar.csproj", "{F4728888-118E-4D60-8078-1757F7B5B9C9}"
EndProject
Global
	GlobalSection(SolutionConfigurationPlatforms) = preSolution
		Debug|iPhoneSimulator = Debug|iPhoneSimulator
		Release|iPhoneSimulator = Release|iPhoneSimulator
		Debug|iPhone = Debug|iPhone
		Release|iPhone = Release|iPhone
	EndGlobalSection
	GlobalSection(ProjectConfigurationPlatforms) = postSolution
		{F4728888-118E-4D60-8078-1757F7B5B9C9}.Debug|iPhone.ActiveCfg = Debug|iPhone
		{F4728888-118E-4D60-8078-1757F7B5B9C9}.Debug|iPhone.Build.0 = Debug|iPhone
		{F4728888-118E-4D60-8078-1757F7B5B9C9}.Debug|iPhoneSimulator.ActiveCfg = Debug|iPhoneSimulator
		{F4728888-118E-4D60-8078-1757F7B5B9C9}.Debug|iPhoneSimulator.Build.0 = Debug|iPhoneSimulator
		{F4728888-118E-4D60-8078-1757F7B5B9C9}.Release|iPhone.ActiveCfg = Release|iPhone
		{F4728888-118E-4D60-8078-1757F7B5B9C9}.Release|iPhone.Build.0 = Release|iPhone
		{F4728888-118E-4D60-8078-1757F7B5B9C9}.Release|iPhoneSimulator.ActiveCfg = Release|iPhoneSimulator
		{F4728888-118E-4D60-8078-1757F7B5B9C9}.Release|iPhoneSimulator.Build.0 = Release|iPhoneSimulator
	EndGlobalSection
	GlobalSection(MonoDevelopProperties) = preSolution
		StartupItem = IOSProgressBar\IOSProgressBar.csproj
	EndGlobalSection
EndGlobal
