
Microsoft Visual Studio Solution File, Format Version 11.00
# Visual Studio 2010
Project("{FAE04EC0-301F-11D3-BF4B-00C04F79EFBC}") = "MotorSample.IOS", "IOSMotor\MotorSample.IOS.csproj", "{CEAD9F6C-CE62-4F6C-A63F-719C82CCFFD5}"
EndProject
Global
	GlobalSection(SolutionConfigurationPlatforms) = preSolution
		Debug|iPhoneSimulator = Debug|iPhoneSimulator
		Release|iPhoneSimulator = Release|iPhoneSimulator
		Debug|iPhone = Debug|iPhone
		Release|iPhone = Release|iPhone
	EndGlobalSection
	GlobalSection(ProjectConfigurationPlatforms) = postSolution
		{CEAD9F6C-CE62-4F6C-A63F-719C82CCFFD5}.Debug|iPhone.ActiveCfg = Debug|iPhone
		{CEAD9F6C-CE62-4F6C-A63F-719C82CCFFD5}.Debug|iPhone.Build.0 = Debug|iPhone
		{CEAD9F6C-CE62-4F6C-A63F-719C82CCFFD5}.Debug|iPhoneSimulator.ActiveCfg = Debug|iPhoneSimulator
		{CEAD9F6C-CE62-4F6C-A63F-719C82CCFFD5}.Debug|iPhoneSimulator.Build.0 = Debug|iPhoneSimulator
		{CEAD9F6C-CE62-4F6C-A63F-719C82CCFFD5}.Release|iPhone.ActiveCfg = Release|iPhone
		{CEAD9F6C-CE62-4F6C-A63F-719C82CCFFD5}.Release|iPhone.Build.0 = Release|iPhone
		{CEAD9F6C-CE62-4F6C-A63F-719C82CCFFD5}.Release|iPhoneSimulator.ActiveCfg = Release|iPhoneSimulator
		{CEAD9F6C-CE62-4F6C-A63F-719C82CCFFD5}.Release|iPhoneSimulator.Build.0 = Release|iPhoneSimulator
	EndGlobalSection
	GlobalSection(MonoDevelopProperties) = preSolution
		StartupItem = IOSMotor\MotorSample.IOS.csproj
	EndGlobalSection
EndGlobal
