
Microsoft Visual Studio Solution File, Format Version 11.00
# Visual Studio 2010
Project("{FAE04EC0-301F-11D3-BF4B-00C04F79EFBC}") = "IOSCoordLayout", "IOSCoordLayout\IOSCoordLayout.csproj", "{9FAA07A4-2AF7-4018-8AD4-13945BACA03C}"
EndProject
Global
	GlobalSection(SolutionConfigurationPlatforms) = preSolution
		Debug|iPhoneSimulator = Debug|iPhoneSimulator
		Release|iPhoneSimulator = Release|iPhoneSimulator
		Debug|iPhone = Debug|iPhone
		Release|iPhone = Release|iPhone
	EndGlobalSection
	GlobalSection(ProjectConfigurationPlatforms) = postSolution
		{9FAA07A4-2AF7-4018-8AD4-13945BACA03C}.Debug|iPhone.ActiveCfg = Debug|iPhone
		{9FAA07A4-2AF7-4018-8AD4-13945BACA03C}.Debug|iPhone.Build.0 = Debug|iPhone
		{9FAA07A4-2AF7-4018-8AD4-13945BACA03C}.Debug|iPhoneSimulator.ActiveCfg = Debug|iPhoneSimulator
		{9FAA07A4-2AF7-4018-8AD4-13945BACA03C}.Debug|iPhoneSimulator.Build.0 = Debug|iPhoneSimulator
		{9FAA07A4-2AF7-4018-8AD4-13945BACA03C}.Release|iPhone.ActiveCfg = Release|iPhone
		{9FAA07A4-2AF7-4018-8AD4-13945BACA03C}.Release|iPhone.Build.0 = Release|iPhone
		{9FAA07A4-2AF7-4018-8AD4-13945BACA03C}.Release|iPhoneSimulator.ActiveCfg = Release|iPhoneSimulator
		{9FAA07A4-2AF7-4018-8AD4-13945BACA03C}.Release|iPhoneSimulator.Build.0 = Release|iPhoneSimulator
	EndGlobalSection
	GlobalSection(MonoDevelopProperties) = preSolution
		StartupItem = IOSCoordLayout\IOSCoordLayout.csproj
	EndGlobalSection
EndGlobal
