
Microsoft Visual Studio Solution File, Format Version 11.00
# Visual Studio 2010
Project("{FAE04EC0-301F-11D3-BF4B-00C04F79EFBC}") = "IOSBackground", "IOSBackground\IOSBackground.csproj", "{A344ABA4-F7D5-453F-B2A3-3840867BAECB}"
EndProject
Global
	GlobalSection(SolutionConfigurationPlatforms) = preSolution
		Debug|iPhoneSimulator = Debug|iPhoneSimulator
		Release|iPhoneSimulator = Release|iPhoneSimulator
		Debug|iPhone = Debug|iPhone
		Release|iPhone = Release|iPhone
	EndGlobalSection
	GlobalSection(ProjectConfigurationPlatforms) = postSolution
		{A344ABA4-F7D5-453F-B2A3-3840867BAECB}.Debug|iPhone.ActiveCfg = Debug|iPhone
		{A344ABA4-F7D5-453F-B2A3-3840867BAECB}.Debug|iPhone.Build.0 = Debug|iPhone
		{A344ABA4-F7D5-453F-B2A3-3840867BAECB}.Debug|iPhoneSimulator.ActiveCfg = Debug|iPhoneSimulator
		{A344ABA4-F7D5-453F-B2A3-3840867BAECB}.Debug|iPhoneSimulator.Build.0 = Debug|iPhoneSimulator
		{A344ABA4-F7D5-453F-B2A3-3840867BAECB}.Release|iPhone.ActiveCfg = Release|iPhone
		{A344ABA4-F7D5-453F-B2A3-3840867BAECB}.Release|iPhone.Build.0 = Release|iPhone
		{A344ABA4-F7D5-453F-B2A3-3840867BAECB}.Release|iPhoneSimulator.ActiveCfg = Release|iPhoneSimulator
		{A344ABA4-F7D5-453F-B2A3-3840867BAECB}.Release|iPhoneSimulator.Build.0 = Release|iPhoneSimulator
	EndGlobalSection
	GlobalSection(MonoDevelopProperties) = preSolution
		StartupItem = IOSBackground\IOSBackground.csproj
	EndGlobalSection
EndGlobal
